// !$*UTF8*$!
{
	archiveVersion = 1;
	classes = {
	};
	objectVersion = 55;
	objects = {

/* Begin PBXBuildFile section */
		03C5EBBDF5ABCEA41FABB04D /* Pods_mangoplate.framework in Frameworks */ = {isa = PBXBuildFile; fileRef = 77A0CA929DCAED15D0831272 /* Pods_mangoplate.framework */; };
		92B1CF4A283925A700223987 /* AppDelegate.swift in Sources */ = {isa = PBXBuildFile; fileRef = 92B1CF49283925A700223987 /* AppDelegate.swift */; };
		92B1CF4C283925A700223987 /* SceneDelegate.swift in Sources */ = {isa = PBXBuildFile; fileRef = 92B1CF4B283925A700223987 /* SceneDelegate.swift */; };
		92B1CF4E283925A700223987 /* TabBarViewController.swift in Sources */ = {isa = PBXBuildFile; fileRef = 92B1CF4D283925A700223987 /* TabBarViewController.swift */; };
		92B1CF51283925A700223987 /* Main.storyboard in Resources */ = {isa = PBXBuildFile; fileRef = 92B1CF4F283925A700223987 /* Main.storyboard */; };
		92B1CF53283925A700223987 /* Assets.xcassets in Resources */ = {isa = PBXBuildFile; fileRef = 92B1CF52283925A700223987 /* Assets.xcassets */; };
		92B1CF56283925A700223987 /* LaunchScreen.storyboard in Resources */ = {isa = PBXBuildFile; fileRef = 92B1CF54283925A700223987 /* LaunchScreen.storyboard */; };
		92B1CF5F283951D800223987 /* RestaurantSearchViewController.swift in Sources */ = {isa = PBXBuildFile; fileRef = 92B1CF5D283951D800223987 /* RestaurantSearchViewController.swift */; };
		92B1CF672839689A00223987 /* LocationAgreeViewController.swift in Sources */ = {isa = PBXBuildFile; fileRef = 92B1CF662839689A00223987 /* LocationAgreeViewController.swift */; };
		92B1CF6928396CEB00223987 /* RegionSelectViewController.swift in Sources */ = {isa = PBXBuildFile; fileRef = 92B1CF6828396CEB00223987 /* RegionSelectViewController.swift */; };
		92B1CF6B2839D6C800223987 /* RegionSelectContainerViewController.swift in Sources */ = {isa = PBXBuildFile; fileRef = 92B1CF6A2839D6C800223987 /* RegionSelectContainerViewController.swift */; };
		92B1CF6E283A132A00223987 /* RegionSelectCell.swift in Sources */ = {isa = PBXBuildFile; fileRef = 92B1CF6C283A132A00223987 /* RegionSelectCell.swift */; };
		92B1CF6F283A132A00223987 /* RegionSelectCell.xib in Resources */ = {isa = PBXBuildFile; fileRef = 92B1CF6D283A132A00223987 /* RegionSelectCell.xib */; };
		92B1CF71283A36F400223987 /* RegionSelectItem1ViewController.swift in Sources */ = {isa = PBXBuildFile; fileRef = 92B1CF70283A36F400223987 /* RegionSelectItem1ViewController.swift */; };
		92B1CF76283A601500223987 /* SearchViewController.swift in Sources */ = {isa = PBXBuildFile; fileRef = 92B1CF75283A601500223987 /* SearchViewController.swift */; };
		92B1CF78283A64C400223987 /* SearchTabBarViewController.swift in Sources */ = {isa = PBXBuildFile; fileRef = 92B1CF77283A64C400223987 /* SearchTabBarViewController.swift */; };
		92B1CF7B283A6AAC00223987 /* SearchCell.swift in Sources */ = {isa = PBXBuildFile; fileRef = 92B1CF79283A6AAC00223987 /* SearchCell.swift */; };
		92B1CF7C283A6AAC00223987 /* SearchCell.xib in Resources */ = {isa = PBXBuildFile; fileRef = 92B1CF7A283A6AAC00223987 /* SearchCell.xib */; };
		92B1CF7E283A6C2A00223987 /* RecommendSearchViewController.swift in Sources */ = {isa = PBXBuildFile; fileRef = 92B1CF7D283A6C2A00223987 /* RecommendSearchViewController.swift */; };
		92B1CF80283A6FC800223987 /* RecentSearchViewController.swift in Sources */ = {isa = PBXBuildFile; fileRef = 92B1CF7F283A6FC800223987 /* RecentSearchViewController.swift */; };
		92B1CF82283AA34600223987 /* SortViewController.swift in Sources */ = {isa = PBXBuildFile; fileRef = 92B1CF81283AA34600223987 /* SortViewController.swift */; };
		92B1CF87283B71B800223987 /* RegionCategoryCell.swift in Sources */ = {isa = PBXBuildFile; fileRef = 92B1CF85283B71B800223987 /* RegionCategoryCell.swift */; };
		92B1CF88283B71B800223987 /* RegionCategoryCell.xib in Resources */ = {isa = PBXBuildFile; fileRef = 92B1CF86283B71B800223987 /* RegionCategoryCell.xib */; };
		92B1CF8B283C729500223987 /* SurroundViewController.swift in Sources */ = {isa = PBXBuildFile; fileRef = 92B1CF8A283C729500223987 /* SurroundViewController.swift */; };
		92B1CF8D283C7D2C00223987 /* FilterViewController.swift in Sources */ = {isa = PBXBuildFile; fileRef = 92B1CF8C283C7D2C00223987 /* FilterViewController.swift */; };
		92B1CF90283CA31600223987 /* FilterFoodCell.swift in Sources */ = {isa = PBXBuildFile; fileRef = 92B1CF8E283CA31600223987 /* FilterFoodCell.swift */; };
		92B1CF91283CA31600223987 /* FilterFoodCell.xib in Resources */ = {isa = PBXBuildFile; fileRef = 92B1CF8F283CA31600223987 /* FilterFoodCell.xib */; };
		92B1CF93283D20F200223987 /* PageViewController.swift in Sources */ = {isa = PBXBuildFile; fileRef = 92B1CF92283D20F200223987 /* PageViewController.swift */; };
/* End PBXBuildFile section */

/* Begin PBXFileReference section */
		77A0CA929DCAED15D0831272 /* Pods_mangoplate.framework */ = {isa = PBXFileReference; explicitFileType = wrapper.framework; includeInIndex = 0; path = Pods_mangoplate.framework; sourceTree = BUILT_PRODUCTS_DIR; };
		92B1CF46283925A700223987 /* mangoplate.app */ = {isa = PBXFileReference; explicitFileType = wrapper.application; includeInIndex = 0; path = mangoplate.app; sourceTree = BUILT_PRODUCTS_DIR; };
		92B1CF49283925A700223987 /* AppDelegate.swift */ = {isa = PBXFileReference; lastKnownFileType = sourcecode.swift; path = AppDelegate.swift; sourceTree = "<group>"; };
		92B1CF4B283925A700223987 /* SceneDelegate.swift */ = {isa = PBXFileReference; lastKnownFileType = sourcecode.swift; path = SceneDelegate.swift; sourceTree = "<group>"; };
		92B1CF4D283925A700223987 /* TabBarViewController.swift */ = {isa = PBXFileReference; lastKnownFileType = sourcecode.swift; path = TabBarViewController.swift; sourceTree = "<group>"; };
		92B1CF50283925A700223987 /* Base */ = {isa = PBXFileReference; lastKnownFileType = file.storyboard; name = Base; path = Base.lproj/Main.storyboard; sourceTree = "<group>"; };
		92B1CF52283925A700223987 /* Assets.xcassets */ = {isa = PBXFileReference; lastKnownFileType = folder.assetcatalog; path = Assets.xcassets; sourceTree = "<group>"; };
		92B1CF55283925A700223987 /* Base */ = {isa = PBXFileReference; lastKnownFileType = file.storyboard; name = Base; path = Base.lproj/LaunchScreen.storyboard; sourceTree = "<group>"; };
		92B1CF57283925A700223987 /* Info.plist */ = {isa = PBXFileReference; lastKnownFileType = text.plist.xml; path = Info.plist; sourceTree = "<group>"; };
		92B1CF5D283951D800223987 /* RestaurantSearchViewController.swift */ = {isa = PBXFileReference; lastKnownFileType = sourcecode.swift; path = RestaurantSearchViewController.swift; sourceTree = "<group>"; };
		92B1CF662839689A00223987 /* LocationAgreeViewController.swift */ = {isa = PBXFileReference; lastKnownFileType = sourcecode.swift; path = LocationAgreeViewController.swift; sourceTree = "<group>"; };
		92B1CF6828396CEB00223987 /* RegionSelectViewController.swift */ = {isa = PBXFileReference; lastKnownFileType = sourcecode.swift; path = RegionSelectViewController.swift; sourceTree = "<group>"; };
		92B1CF6A2839D6C800223987 /* RegionSelectContainerViewController.swift */ = {isa = PBXFileReference; lastKnownFileType = sourcecode.swift; path = RegionSelectContainerViewController.swift; sourceTree = "<group>"; };
		92B1CF6C283A132A00223987 /* RegionSelectCell.swift */ = {isa = PBXFileReference; lastKnownFileType = sourcecode.swift; path = RegionSelectCell.swift; sourceTree = "<group>"; };
		92B1CF6D283A132A00223987 /* RegionSelectCell.xib */ = {isa = PBXFileReference; lastKnownFileType = file.xib; path = RegionSelectCell.xib; sourceTree = "<group>"; };
		92B1CF70283A36F400223987 /* RegionSelectItem1ViewController.swift */ = {isa = PBXFileReference; lastKnownFileType = sourcecode.swift; name = RegionSelectItem1ViewController.swift; path = mangoplate/Sources/ViewControllers/RegionSelectItem1ViewController.swift; sourceTree = SOURCE_ROOT; };
		92B1CF75283A601500223987 /* SearchViewController.swift */ = {isa = PBXFileReference; lastKnownFileType = sourcecode.swift; name = SearchViewController.swift; path = mangoplate/Sources/ViewControllers/SearchViewController.swift; sourceTree = SOURCE_ROOT; };
		92B1CF77283A64C400223987 /* SearchTabBarViewController.swift */ = {isa = PBXFileReference; lastKnownFileType = sourcecode.swift; name = SearchTabBarViewController.swift; path = mangoplate/Sources/ViewControllers/SearchTabBarViewController.swift; sourceTree = SOURCE_ROOT; };
		92B1CF79283A6AAC00223987 /* SearchCell.swift */ = {isa = PBXFileReference; lastKnownFileType = sourcecode.swift; name = SearchCell.swift; path = mangoplate/Sources/Cells/SearchCell.swift; sourceTree = SOURCE_ROOT; };
		92B1CF7A283A6AAC00223987 /* SearchCell.xib */ = {isa = PBXFileReference; lastKnownFileType = file.xib; name = SearchCell.xib; path = mangoplate/Sources/Cells/SearchCell.xib; sourceTree = SOURCE_ROOT; };
		92B1CF7D283A6C2A00223987 /* RecommendSearchViewController.swift */ = {isa = PBXFileReference; lastKnownFileType = sourcecode.swift; name = RecommendSearchViewController.swift; path = mangoplate/Sources/ViewControllers/RecommendSearchViewController.swift; sourceTree = SOURCE_ROOT; };
		92B1CF7F283A6FC800223987 /* RecentSearchViewController.swift */ = {isa = PBXFileReference; lastKnownFileType = sourcecode.swift; name = RecentSearchViewController.swift; path = mangoplate/Sources/ViewControllers/RecentSearchViewController.swift; sourceTree = SOURCE_ROOT; };
		92B1CF81283AA34600223987 /* SortViewController.swift */ = {isa = PBXFileReference; lastKnownFileType = sourcecode.swift; path = SortViewController.swift; sourceTree = "<group>"; };
		92B1CF85283B71B800223987 /* RegionCategoryCell.swift */ = {isa = PBXFileReference; lastKnownFileType = sourcecode.swift; name = RegionCategoryCell.swift; path = mangoplate/Sources/Cells/RegionCategoryCell.swift; sourceTree = SOURCE_ROOT; };
		92B1CF86283B71B800223987 /* RegionCategoryCell.xib */ = {isa = PBXFileReference; lastKnownFileType = file.xib; name = RegionCategoryCell.xib; path = mangoplate/Resources/RegionCategoryCell.xib; sourceTree = SOURCE_ROOT; };
		92B1CF8A283C729500223987 /* SurroundViewController.swift */ = {isa = PBXFileReference; lastKnownFileType = sourcecode.swift; name = SurroundViewController.swift; path = mangoplate/Sources/ViewControllers/SurroundViewController.swift; sourceTree = SOURCE_ROOT; };
		92B1CF8C283C7D2C00223987 /* FilterViewController.swift */ = {isa = PBXFileReference; lastKnownFileType = sourcecode.swift; name = FilterViewController.swift; path = mangoplate/Sources/ViewControllers/FilterViewController.swift; sourceTree = SOURCE_ROOT; };
		92B1CF8E283CA31600223987 /* FilterFoodCell.swift */ = {isa = PBXFileReference; lastKnownFileType = sourcecode.swift; path = FilterFoodCell.swift; sourceTree = "<group>"; };
		92B1CF8F283CA31600223987 /* FilterFoodCell.xib */ = {isa = PBXFileReference; lastKnownFileType = file.xib; path = FilterFoodCell.xib; sourceTree = "<group>"; };
		92B1CF92283D20F200223987 /* PageViewController.swift */ = {isa = PBXFileReference; lastKnownFileType = sourcecode.swift; name = PageViewController.swift; path = mangoplate/Sources/ViewControllers/PageViewController.swift; sourceTree = SOURCE_ROOT; };
		C5EF894695DF60D5205E8154 /* Pods-mangoplate.debug.xcconfig */ = {isa = PBXFileReference; includeInIndex = 1; lastKnownFileType = text.xcconfig; name = "Pods-mangoplate.debug.xcconfig"; path = "Target Support Files/Pods-mangoplate/Pods-mangoplate.debug.xcconfig"; sourceTree = "<group>"; };
		C9567F2AF9D2E8E775776E54 /* Pods-mangoplate.release.xcconfig */ = {isa = PBXFileReference; includeInIndex = 1; lastKnownFileType = text.xcconfig; name = "Pods-mangoplate.release.xcconfig"; path = "Target Support Files/Pods-mangoplate/Pods-mangoplate.release.xcconfig"; sourceTree = "<group>"; };
/* End PBXFileReference section */

/* Begin PBXFrameworksBuildPhase section */
		92B1CF43283925A700223987 /* Frameworks */ = {
			isa = PBXFrameworksBuildPhase;
			buildActionMask = 2147483647;
			files = (
				03C5EBBDF5ABCEA41FABB04D /* Pods_mangoplate.framework in Frameworks */,
			);
			runOnlyForDeploymentPostprocessing = 0;
		};
/* End PBXFrameworksBuildPhase section */

/* Begin PBXGroup section */
		089F5AD1606D3015E5565536 /* Pods */ = {
			isa = PBXGroup;
			children = (
				C5EF894695DF60D5205E8154 /* Pods-mangoplate.debug.xcconfig */,
				C9567F2AF9D2E8E775776E54 /* Pods-mangoplate.release.xcconfig */,
			);
			path = Pods;
			sourceTree = "<group>";
		};
		92B1CF3D283925A700223987 = {
			isa = PBXGroup;
			children = (
				92B1CF48283925A700223987 /* mangoplate */,
				92B1CF47283925A700223987 /* Products */,
				089F5AD1606D3015E5565536 /* Pods */,
				D11F6C4696A2336BF1B24CE4 /* Frameworks */,
			);
			sourceTree = "<group>";
		};
		92B1CF47283925A700223987 /* Products */ = {
			isa = PBXGroup;
			children = (
				92B1CF46283925A700223987 /* mangoplate.app */,
			);
			name = Products;
			sourceTree = "<group>";
		};
		92B1CF48283925A700223987 /* mangoplate */ = {
			isa = PBXGroup;
			children = (
				92B1CF6128395C3900223987 /* Resources */,
				92B1CF6228395C7500223987 /* Sources */,
				92B1CF57283925A700223987 /* Info.plist */,
			);
			path = mangoplate;
			sourceTree = "<group>";
		};
		92B1CF6128395C3900223987 /* Resources */ = {
			isa = PBXGroup;
			children = (
				92B1CF52283925A700223987 /* Assets.xcassets */,
				92B1CF4B283925A700223987 /* SceneDelegate.swift */,
				92B1CF49283925A700223987 /* AppDelegate.swift */,
				92B1CF4F283925A700223987 /* Main.storyboard */,
				92B1CF54283925A700223987 /* LaunchScreen.storyboard */,
				92B1CF6D283A132A00223987 /* RegionSelectCell.xib */,
				92B1CF86283B71B800223987 /* RegionCategoryCell.xib */,
				92B1CF7A283A6AAC00223987 /* SearchCell.xib */,
				92B1CF8F283CA31600223987 /* FilterFoodCell.xib */,
			);
			path = Resources;
			sourceTree = "<group>";
		};
		92B1CF6228395C7500223987 /* Sources */ = {
			isa = PBXGroup;
			children = (
				92B1CF6528395CE600223987 /* ViewControllers */,
				92B1CF6428395CDD00223987 /* Cells */,
				92B1CF6328395C8200223987 /* Models */,
			);
			path = Sources;
			sourceTree = "<group>";
		};
		92B1CF6328395C8200223987 /* Models */ = {
			isa = PBXGroup;
			children = (
			);
			path = Models;
			sourceTree = "<group>";
		};
		92B1CF6428395CDD00223987 /* Cells */ = {
			isa = PBXGroup;
			children = (
				92B1CF6C283A132A00223987 /* RegionSelectCell.swift */,
				92B1CF85283B71B800223987 /* RegionCategoryCell.swift */,
				92B1CF79283A6AAC00223987 /* SearchCell.swift */,
				92B1CF8E283CA31600223987 /* FilterFoodCell.swift */,
			);
			path = Cells;
			sourceTree = "<group>";
		};
		92B1CF6528395CE600223987 /* ViewControllers */ = {
			isa = PBXGroup;
			children = (
				92B1CF662839689A00223987 /* LocationAgreeViewController.swift */,
				92B1CF6828396CEB00223987 /* RegionSelectViewController.swift */,
				92B1CF6A2839D6C800223987 /* RegionSelectContainerViewController.swift */,
				92B1CF92283D20F200223987 /* PageViewController.swift */,
				92B1CF70283A36F400223987 /* RegionSelectItem1ViewController.swift */,
				92B1CF4D283925A700223987 /* TabBarViewController.swift */,
				92B1CF5D283951D800223987 /* RestaurantSearchViewController.swift */,
				92B1CF75283A601500223987 /* SearchViewController.swift */,
				92B1CF77283A64C400223987 /* SearchTabBarViewController.swift */,
				92B1CF7D283A6C2A00223987 /* RecommendSearchViewController.swift */,
				92B1CF7F283A6FC800223987 /* RecentSearchViewController.swift */,
				92B1CF81283AA34600223987 /* SortViewController.swift */,
				92B1CF8A283C729500223987 /* SurroundViewController.swift */,
				92B1CF8C283C7D2C00223987 /* FilterViewController.swift */,
			);
			path = ViewControllers;
			sourceTree = "<group>";
		};
		D11F6C4696A2336BF1B24CE4 /* Frameworks */ = {
			isa = PBXGroup;
			children = (
				77A0CA929DCAED15D0831272 /* Pods_mangoplate.framework */,
			);
			name = Frameworks;
			sourceTree = "<group>";
		};
/* End PBXGroup section */

/* Begin PBXNativeTarget section */
		92B1CF45283925A700223987 /* mangoplate */ = {
			isa = PBXNativeTarget;
			buildConfigurationList = 92B1CF5A283925A700223987 /* Build configuration list for PBXNativeTarget "mangoplate" */;
			buildPhases = (
				5710520D695BDB2F4BDF7923 /* [CP] Check Pods Manifest.lock */,
				92B1CF42283925A700223987 /* Sources */,
				92B1CF43283925A700223987 /* Frameworks */,
				92B1CF44283925A700223987 /* Resources */,
				254180E5F53F47068D1BF56C /* [CP] Embed Pods Frameworks */,
			);
			buildRules = (
			);
			dependencies = (
			);
			name = mangoplate;
			productName = mangoplate;
			productReference = 92B1CF46283925A700223987 /* mangoplate.app */;
			productType = "com.apple.product-type.application";
		};
/* End PBXNativeTarget section */

/* Begin PBXProject section */
		92B1CF3E283925A700223987 /* Project object */ = {
			isa = PBXProject;
			attributes = {
				BuildIndependentTargetsInParallel = 1;
				LastSwiftUpdateCheck = 1320;
				LastUpgradeCheck = 1320;
				TargetAttributes = {
					92B1CF45283925A700223987 = {
						CreatedOnToolsVersion = 13.2.1;
					};
				};
			};
			buildConfigurationList = 92B1CF41283925A700223987 /* Build configuration list for PBXProject "mangoplate" */;
			compatibilityVersion = "Xcode 13.0";
			developmentRegion = en;
			hasScannedForEncodings = 0;
			knownRegions = (
				en,
				Base,
			);
			mainGroup = 92B1CF3D283925A700223987;
			productRefGroup = 92B1CF47283925A700223987 /* Products */;
			projectDirPath = "";
			projectRoot = "";
			targets = (
				92B1CF45283925A700223987 /* mangoplate */,
			);
		};
/* End PBXProject section */

/* Begin PBXResourcesBuildPhase section */
		92B1CF44283925A700223987 /* Resources */ = {
			isa = PBXResourcesBuildPhase;
			buildActionMask = 2147483647;
			files = (
				92B1CF7C283A6AAC00223987 /* SearchCell.xib in Resources */,
				92B1CF88283B71B800223987 /* RegionCategoryCell.xib in Resources */,
				92B1CF56283925A700223987 /* LaunchScreen.storyboard in Resources */,
				92B1CF91283CA31600223987 /* FilterFoodCell.xib in Resources */,
				92B1CF6F283A132A00223987 /* RegionSelectCell.xib in Resources */,
				92B1CF53283925A700223987 /* Assets.xcassets in Resources */,
				92B1CF51283925A700223987 /* Main.storyboard in Resources */,
			);
			runOnlyForDeploymentPostprocessing = 0;
		};
/* End PBXResourcesBuildPhase section */

/* Begin PBXShellScriptBuildPhase section */
		254180E5F53F47068D1BF56C /* [CP] Embed Pods Frameworks */ = {
			isa = PBXShellScriptBuildPhase;
			buildActionMask = 2147483647;
			files = (
			);
			inputFileListPaths = (
				"${PODS_ROOT}/Target Support Files/Pods-mangoplate/Pods-mangoplate-frameworks-${CONFIGURATION}-input-files.xcfilelist",
			);
			name = "[CP] Embed Pods Frameworks";
			outputFileListPaths = (
				"${PODS_ROOT}/Target Support Files/Pods-mangoplate/Pods-mangoplate-frameworks-${CONFIGURATION}-output-files.xcfilelist",
			);
			runOnlyForDeploymentPostprocessing = 0;
			shellPath = /bin/sh;
			shellScript = "\"${PODS_ROOT}/Target Support Files/Pods-mangoplate/Pods-mangoplate-frameworks.sh\"\n";
			showEnvVarsInLog = 0;
		};
		5710520D695BDB2F4BDF7923 /* [CP] Check Pods Manifest.lock */ = {
			isa = PBXShellScriptBuildPhase;
			buildActionMask = 2147483647;
			files = (
			);
			inputFileListPaths = (
			);
			inputPaths = (
				"${PODS_PODFILE_DIR_PATH}/Podfile.lock",
				"${PODS_ROOT}/Manifest.lock",
			);
			name = "[CP] Check Pods Manifest.lock";
			outputFileListPaths = (
			);
			outputPaths = (
				"$(DERIVED_FILE_DIR)/Pods-mangoplate-checkManifestLockResult.txt",
			);
			runOnlyForDeploymentPostprocessing = 0;
			shellPath = /bin/sh;
			shellScript = "diff \"${PODS_PODFILE_DIR_PATH}/Podfile.lock\" \"${PODS_ROOT}/Manifest.lock\" > /dev/null\nif [ $? != 0 ] ; then\n    # print error to STDERR\n    echo \"error: The sandbox is not in sync with the Podfile.lock. Run 'pod install' or update your CocoaPods installation.\" >&2\n    exit 1\nfi\n# This output is used by Xcode 'outputs' to avoid re-running this script phase.\necho \"SUCCESS\" > \"${SCRIPT_OUTPUT_FILE_0}\"\n";
			showEnvVarsInLog = 0;
		};
/* End PBXShellScriptBuildPhase section */

/* Begin PBXSourcesBuildPhase section */
		92B1CF42283925A700223987 /* Sources */ = {
			isa = PBXSourcesBuildPhase;
			buildActionMask = 2147483647;
			files = (
				92B1CF76283A601500223987 /* SearchViewController.swift in Sources */,
				92B1CF7B283A6AAC00223987 /* SearchCell.swift in Sources */,
				92B1CF4E283925A700223987 /* TabBarViewController.swift in Sources */,
				92B1CF5F283951D800223987 /* RestaurantSearchViewController.swift in Sources */,
				92B1CF7E283A6C2A00223987 /* RecommendSearchViewController.swift in Sources */,
				92B1CF87283B71B800223987 /* RegionCategoryCell.swift in Sources */,
				92B1CF82283AA34600223987 /* SortViewController.swift in Sources */,
				92B1CF71283A36F400223987 /* RegionSelectItem1ViewController.swift in Sources */,
				92B1CF672839689A00223987 /* LocationAgreeViewController.swift in Sources */,
				92B1CF4A283925A700223987 /* AppDelegate.swift in Sources */,
				92B1CF6B2839D6C800223987 /* RegionSelectContainerViewController.swift in Sources */,
				92B1CF93283D20F200223987 /* PageViewController.swift in Sources */,
				92B1CF78283A64C400223987 /* SearchTabBarViewController.swift in Sources */,
				92B1CF8D283C7D2C00223987 /* FilterViewController.swift in Sources */,
				92B1CF6E283A132A00223987 /* RegionSelectCell.swift in Sources */,
				92B1CF90283CA31600223987 /* FilterFoodCell.swift in Sources */,
				92B1CF6928396CEB00223987 /* RegionSelectViewController.swift in Sources */,
				92B1CF8B283C729500223987 /* SurroundViewController.swift in Sources */,
				92B1CF80283A6FC800223987 /* RecentSearchViewController.swift in Sources */,
				92B1CF4C283925A700223987 /* SceneDelegate.swift in Sources */,
			);
			runOnlyForDeploymentPostprocessing = 0;
		};
/* End PBXSourcesBuildPhase section */

/* Begin PBXVariantGroup section */
		92B1CF4F283925A700223987 /* Main.storyboard */ = {
			isa = PBXVariantGroup;
			children = (
				92B1CF50283925A700223987 /* Base */,
			);
			name = Main.storyboard;
			sourceTree = "<group>";
		};
		92B1CF54283925A700223987 /* LaunchScreen.storyboard */ = {
			isa = PBXVariantGroup;
			children = (
				92B1CF55283925A700223987 /* Base */,
			);
			name = LaunchScreen.storyboard;
			sourceTree = "<group>";
		};
/* End PBXVariantGroup section */

/* Begin XCBuildConfiguration section */
		92B1CF58283925A700223987 /* Debug */ = {
			isa = XCBuildConfiguration;
			buildSettings = {
				ALWAYS_SEARCH_USER_PATHS = NO;
				CLANG_ANALYZER_NONNULL = YES;
				CLANG_ANALYZER_NUMBER_OBJECT_CONVERSION = YES_AGGRESSIVE;
				CLANG_CXX_LANGUAGE_STANDARD = "gnu++17";
				CLANG_CXX_LIBRARY = "libc++";
				CLANG_ENABLE_MODULES = YES;
				CLANG_ENABLE_OBJC_ARC = YES;
				CLANG_ENABLE_OBJC_WEAK = YES;
				CLANG_WARN_BLOCK_CAPTURE_AUTORELEASING = YES;
				CLANG_WARN_BOOL_CONVERSION = YES;
				CLANG_WARN_COMMA = YES;
				CLANG_WARN_CONSTANT_CONVERSION = YES;
				CLANG_WARN_DEPRECATED_OBJC_IMPLEMENTATIONS = YES;
				CLANG_WARN_DIRECT_OBJC_ISA_USAGE = YES_ERROR;
				CLANG_WARN_DOCUMENTATION_COMMENTS = YES;
				CLANG_WARN_EMPTY_BODY = YES;
				CLANG_WARN_ENUM_CONVERSION = YES;
				CLANG_WARN_INFINITE_RECURSION = YES;
				CLANG_WARN_INT_CONVERSION = YES;
				CLANG_WARN_NON_LITERAL_NULL_CONVERSION = YES;
				CLANG_WARN_OBJC_IMPLICIT_RETAIN_SELF = YES;
				CLANG_WARN_OBJC_LITERAL_CONVERSION = YES;
				CLANG_WARN_OBJC_ROOT_CLASS = YES_ERROR;
				CLANG_WARN_QUOTED_INCLUDE_IN_FRAMEWORK_HEADER = YES;
				CLANG_WARN_RANGE_LOOP_ANALYSIS = YES;
				CLANG_WARN_STRICT_PROTOTYPES = YES;
				CLANG_WARN_SUSPICIOUS_MOVE = YES;
				CLANG_WARN_UNGUARDED_AVAILABILITY = YES_AGGRESSIVE;
				CLANG_WARN_UNREACHABLE_CODE = YES;
				CLANG_WARN__DUPLICATE_METHOD_MATCH = YES;
				COPY_PHASE_STRIP = NO;
				DEBUG_INFORMATION_FORMAT = dwarf;
				ENABLE_STRICT_OBJC_MSGSEND = YES;
				ENABLE_TESTABILITY = YES;
				GCC_C_LANGUAGE_STANDARD = gnu11;
				GCC_DYNAMIC_NO_PIC = NO;
				GCC_NO_COMMON_BLOCKS = YES;
				GCC_OPTIMIZATION_LEVEL = 0;
				GCC_PREPROCESSOR_DEFINITIONS = (
					"DEBUG=1",
					"$(inherited)",
				);
				GCC_WARN_64_TO_32_BIT_CONVERSION = YES;
				GCC_WARN_ABOUT_RETURN_TYPE = YES_ERROR;
				GCC_WARN_UNDECLARED_SELECTOR = YES;
				GCC_WARN_UNINITIALIZED_AUTOS = YES_AGGRESSIVE;
				GCC_WARN_UNUSED_FUNCTION = YES;
				GCC_WARN_UNUSED_VARIABLE = YES;
				IPHONEOS_DEPLOYMENT_TARGET = 15.2;
				MTL_ENABLE_DEBUG_INFO = INCLUDE_SOURCE;
				MTL_FAST_MATH = YES;
				ONLY_ACTIVE_ARCH = YES;
				SDKROOT = iphoneos;
				SWIFT_ACTIVE_COMPILATION_CONDITIONS = DEBUG;
				SWIFT_OPTIMIZATION_LEVEL = "-Onone";
			};
			name = Debug;
		};
		92B1CF59283925A700223987 /* Release */ = {
			isa = XCBuildConfiguration;
			buildSettings = {
				ALWAYS_SEARCH_USER_PATHS = NO;
				CLANG_ANALYZER_NONNULL = YES;
				CLANG_ANALYZER_NUMBER_OBJECT_CONVERSION = YES_AGGRESSIVE;
				CLANG_CXX_LANGUAGE_STANDARD = "gnu++17";
				CLANG_CXX_LIBRARY = "libc++";
				CLANG_ENABLE_MODULES = YES;
				CLANG_ENABLE_OBJC_ARC = YES;
				CLANG_ENABLE_OBJC_WEAK = YES;
				CLANG_WARN_BLOCK_CAPTURE_AUTORELEASING = YES;
				CLANG_WARN_BOOL_CONVERSION = YES;
				CLANG_WARN_COMMA = YES;
				CLANG_WARN_CONSTANT_CONVERSION = YES;
				CLANG_WARN_DEPRECATED_OBJC_IMPLEMENTATIONS = YES;
				CLANG_WARN_DIRECT_OBJC_ISA_USAGE = YES_ERROR;
				CLANG_WARN_DOCUMENTATION_COMMENTS = YES;
				CLANG_WARN_EMPTY_BODY = YES;
				CLANG_WARN_ENUM_CONVERSION = YES;
				CLANG_WARN_INFINITE_RECURSION = YES;
				CLANG_WARN_INT_CONVERSION = YES;
				CLANG_WARN_NON_LITERAL_NULL_CONVERSION = YES;
				CLANG_WARN_OBJC_IMPLICIT_RETAIN_SELF = YES;
				CLANG_WARN_OBJC_LITERAL_CONVERSION = YES;
				CLANG_WARN_OBJC_ROOT_CLASS = YES_ERROR;
				CLANG_WARN_QUOTED_INCLUDE_IN_FRAMEWORK_HEADER = YES;
				CLANG_WARN_RANGE_LOOP_ANALYSIS = YES;
				CLANG_WARN_STRICT_PROTOTYPES = YES;
				CLANG_WARN_SUSPICIOUS_MOVE = YES;
				CLANG_WARN_UNGUARDED_AVAILABILITY = YES_AGGRESSIVE;
				CLANG_WARN_UNREACHABLE_CODE = YES;
				CLANG_WARN__DUPLICATE_METHOD_MATCH = YES;
				COPY_PHASE_STRIP = NO;
				DEBUG_INFORMATION_FORMAT = "dwarf-with-dsym";
				ENABLE_NS_ASSERTIONS = NO;
				ENABLE_STRICT_OBJC_MSGSEND = YES;
				GCC_C_LANGUAGE_STANDARD = gnu11;
				GCC_NO_COMMON_BLOCKS = YES;
				GCC_WARN_64_TO_32_BIT_CONVERSION = YES;
				GCC_WARN_ABOUT_RETURN_TYPE = YES_ERROR;
				GCC_WARN_UNDECLARED_SELECTOR = YES;
				GCC_WARN_UNINITIALIZED_AUTOS = YES_AGGRESSIVE;
				GCC_WARN_UNUSED_FUNCTION = YES;
				GCC_WARN_UNUSED_VARIABLE = YES;
				IPHONEOS_DEPLOYMENT_TARGET = 15.2;
				MTL_ENABLE_DEBUG_INFO = NO;
				MTL_FAST_MATH = YES;
				SDKROOT = iphoneos;
				SWIFT_COMPILATION_MODE = wholemodule;
				SWIFT_OPTIMIZATION_LEVEL = "-O";
				VALIDATE_PRODUCT = YES;
			};
			name = Release;
		};
		92B1CF5B283925A700223987 /* Debug */ = {
			isa = XCBuildConfiguration;
			baseConfigurationReference = C5EF894695DF60D5205E8154 /* Pods-mangoplate.debug.xcconfig */;
			buildSettings = {
				ASSETCATALOG_COMPILER_APPICON_NAME = AppIcon;
				ASSETCATALOG_COMPILER_GLOBAL_ACCENT_COLOR_NAME = AccentColor;
				CODE_SIGN_STYLE = Automatic;
				CURRENT_PROJECT_VERSION = 1;
				GENERATE_INFOPLIST_FILE = YES;
				INFOPLIST_FILE = mangoplate/Info.plist;
				INFOPLIST_KEY_UIApplicationSupportsIndirectInputEvents = YES;
				INFOPLIST_KEY_UILaunchStoryboardName = LaunchScreen;
				INFOPLIST_KEY_UIMainStoryboardFile = Main;
				INFOPLIST_KEY_UISupportedInterfaceOrientations_iPad = "UIInterfaceOrientationPortrait UIInterfaceOrientationPortraitUpsideDown UIInterfaceOrientationLandscapeLeft UIInterfaceOrientationLandscapeRight";
				INFOPLIST_KEY_UISupportedInterfaceOrientations_iPhone = "UIInterfaceOrientationPortrait UIInterfaceOrientationLandscapeLeft UIInterfaceOrientationLandscapeRight";
				LD_RUNPATH_SEARCH_PATHS = (
					"$(inherited)",
					"@executable_path/Frameworks",
				);
				MARKETING_VERSION = 1.0;
				PRODUCT_BUNDLE_IDENTIFIER = h.mangoplate;
				PRODUCT_NAME = "$(TARGET_NAME)";
				SWIFT_EMIT_LOC_STRINGS = YES;
				SWIFT_VERSION = 5.0;
				TARGETED_DEVICE_FAMILY = "1,2";
			};
			name = Debug;
		};
		92B1CF5C283925A700223987 /* Release */ = {
			isa = XCBuildConfiguration;
			baseConfigurationReference = C9567F2AF9D2E8E775776E54 /* Pods-mangoplate.release.xcconfig */;
			buildSettings = {
				ASSETCATALOG_COMPILER_APPICON_NAME = AppIcon;
				ASSETCATALOG_COMPILER_GLOBAL_ACCENT_COLOR_NAME = AccentColor;
				CODE_SIGN_STYLE = Automatic;
				CURRENT_PROJECT_VERSION = 1;
				GENERATE_INFOPLIST_FILE = YES;
				INFOPLIST_FILE = mangoplate/Info.plist;
				INFOPLIST_KEY_UIApplicationSupportsIndirectInputEvents = YES;
				INFOPLIST_KEY_UILaunchStoryboardName = LaunchScreen;
				INFOPLIST_KEY_UIMainStoryboardFile = Main;
				INFOPLIST_KEY_UISupportedInterfaceOrientations_iPad = "UIInterfaceOrientationPortrait UIInterfaceOrientationPortraitUpsideDown UIInterfaceOrientationLandscapeLeft UIInterfaceOrientationLandscapeRight";
				INFOPLIST_KEY_UISupportedInterfaceOrientations_iPhone = "UIInterfaceOrientationPortrait UIInterfaceOrientationLandscapeLeft UIInterfaceOrientationLandscapeRight";
				LD_RUNPATH_SEARCH_PATHS = (
					"$(inherited)",
					"@executable_path/Frameworks",
				);
				MARKETING_VERSION = 1.0;
				PRODUCT_BUNDLE_IDENTIFIER = h.mangoplate;
				PRODUCT_NAME = "$(TARGET_NAME)";
				SWIFT_EMIT_LOC_STRINGS = YES;
				SWIFT_VERSION = 5.0;
				TARGETED_DEVICE_FAMILY = "1,2";
			};
			name = Release;
		};
/* End XCBuildConfiguration section */

/* Begin XCConfigurationList section */
		92B1CF41283925A700223987 /* Build configuration list for PBXProject "mangoplate" */ = {
			isa = XCConfigurationList;
			buildConfigurations = (
				92B1CF58283925A700223987 /* Debug */,
				92B1CF59283925A700223987 /* Release */,
			);
			defaultConfigurationIsVisible = 0;
			defaultConfigurationName = Release;
		};
		92B1CF5A283925A700223987 /* Build configuration list for PBXNativeTarget "mangoplate" */ = {
			isa = XCConfigurationList;
			buildConfigurations = (
				92B1CF5B283925A700223987 /* Debug */,
				92B1CF5C283925A700223987 /* Release */,
			);
			defaultConfigurationIsVisible = 0;
			defaultConfigurationName = Release;
		};
/* End XCConfigurationList section */
	};
	rootObject = 92B1CF3E283925A700223987 /* Project object */;
}
