// !$*UTF8*$!
{
	archiveVersion = 1;
	classes = {
	};
	objectVersion = 55;
	objects = {

/* Begin PBXBuildFile section */
		03C5EBBDF5ABCEA41FABB04D /* Pods_mangoplate.framework in Frameworks */ = {isa = PBXBuildFile; fileRef = 77A0CA929DCAED15D0831272 /* Pods_mangoplate.framework */; };
		9260747328482EBD0093425D /* EatDeal.swift in Sources */ = {isa = PBXBuildFile; fileRef = 9260747228482EBD0093425D /* EatDeal.swift */; };
		9260747628482F5D0093425D /* News.swift in Sources */ = {isa = PBXBuildFile; fileRef = 9260747528482F5C0093425D /* News.swift */; };
		92607478284860A50093425D /* WriteInput.swift in Sources */ = {isa = PBXBuildFile; fileRef = 92607477284860A50093425D /* WriteInput.swift */; };
		9260747B284861C70093425D /* Write.swift in Sources */ = {isa = PBXBuildFile; fileRef = 9260747A284861C70093425D /* Write.swift */; };
		9260747D28488AA50093425D /* UpdateDeletePopupViewController.swift in Sources */ = {isa = PBXBuildFile; fileRef = 9260747C28488AA50093425D /* UpdateDeletePopupViewController.swift */; };
		9260747F2848DEE00093425D /* Holic.swift in Sources */ = {isa = PBXBuildFile; fileRef = 9260747E2848DEE00093425D /* Holic.swift */; };
		92607481284904720093425D /* CommentPostInput.swift in Sources */ = {isa = PBXBuildFile; fileRef = 92607480284904720093425D /* CommentPostInput.swift */; };
		92607485284918EB0093425D /* CommentPopupViewController.swift in Sources */ = {isa = PBXBuildFile; fileRef = 92607484284918EB0093425D /* CommentPopupViewController.swift */; };
		92607489284929F00093425D /* CommentPutInput.swift in Sources */ = {isa = PBXBuildFile; fileRef = 92607488284929F00093425D /* CommentPutInput.swift */; };
		9260748B28493B4F0093425D /* ReportViewController.swift in Sources */ = {isa = PBXBuildFile; fileRef = 9260748A28493B4F0093425D /* ReportViewController.swift */; };
		9260748D28493C460093425D /* ReportPopupViewController.swift in Sources */ = {isa = PBXBuildFile; fileRef = 9260748C28493C460093425D /* ReportPopupViewController.swift */; };
		9260748F284947AF0093425D /* ReportsInput.swift in Sources */ = {isa = PBXBuildFile; fileRef = 9260748E284947AF0093425D /* ReportsInput.swift */; };
		92B1CF4A283925A700223987 /* AppDelegate.swift in Sources */ = {isa = PBXBuildFile; fileRef = 92B1CF49283925A700223987 /* AppDelegate.swift */; };
		92B1CF4C283925A700223987 /* SceneDelegate.swift in Sources */ = {isa = PBXBuildFile; fileRef = 92B1CF4B283925A700223987 /* SceneDelegate.swift */; };
		92B1CF4E283925A700223987 /* TabBarViewController.swift in Sources */ = {isa = PBXBuildFile; fileRef = 92B1CF4D283925A700223987 /* TabBarViewController.swift */; };
		92B1CF51283925A700223987 /* Main.storyboard in Resources */ = {isa = PBXBuildFile; fileRef = 92B1CF4F283925A700223987 /* Main.storyboard */; };
		92B1CF53283925A700223987 /* Assets.xcassets in Resources */ = {isa = PBXBuildFile; fileRef = 92B1CF52283925A700223987 /* Assets.xcassets */; };
		92B1CF56283925A700223987 /* LaunchScreen.storyboard in Resources */ = {isa = PBXBuildFile; fileRef = 92B1CF54283925A700223987 /* LaunchScreen.storyboard */; };
		92B1CF5F283951D800223987 /* RestaurantSearchViewController.swift in Sources */ = {isa = PBXBuildFile; fileRef = 92B1CF5D283951D800223987 /* RestaurantSearchViewController.swift */; };
		92B1CF672839689A00223987 /* LocationAgreeViewController.swift in Sources */ = {isa = PBXBuildFile; fileRef = 92B1CF662839689A00223987 /* LocationAgreeViewController.swift */; };
		92B1CF6928396CEB00223987 /* RegionSelectViewController.swift in Sources */ = {isa = PBXBuildFile; fileRef = 92B1CF6828396CEB00223987 /* RegionSelectViewController.swift */; };
		92B1CF6B2839D6C800223987 /* RegionSelectContainerViewController.swift in Sources */ = {isa = PBXBuildFile; fileRef = 92B1CF6A2839D6C800223987 /* RegionSelectContainerViewController.swift */; };
		92B1CF6E283A132A00223987 /* RegionSelectCell.swift in Sources */ = {isa = PBXBuildFile; fileRef = 92B1CF6C283A132A00223987 /* RegionSelectCell.swift */; };
		92B1CF6F283A132A00223987 /* RegionSelectCell.xib in Resources */ = {isa = PBXBuildFile; fileRef = 92B1CF6D283A132A00223987 /* RegionSelectCell.xib */; };
		92B1CF76283A601500223987 /* SearchViewController.swift in Sources */ = {isa = PBXBuildFile; fileRef = 92B1CF75283A601500223987 /* SearchViewController.swift */; };
		92B1CF78283A64C400223987 /* SearchTabBarViewController.swift in Sources */ = {isa = PBXBuildFile; fileRef = 92B1CF77283A64C400223987 /* SearchTabBarViewController.swift */; };
		92B1CF7B283A6AAC00223987 /* SearchCell.swift in Sources */ = {isa = PBXBuildFile; fileRef = 92B1CF79283A6AAC00223987 /* SearchCell.swift */; };
		92B1CF7C283A6AAC00223987 /* SearchCell.xib in Resources */ = {isa = PBXBuildFile; fileRef = 92B1CF7A283A6AAC00223987 /* SearchCell.xib */; };
		92B1CF7E283A6C2A00223987 /* RecommendSearchViewController.swift in Sources */ = {isa = PBXBuildFile; fileRef = 92B1CF7D283A6C2A00223987 /* RecommendSearchViewController.swift */; };
		92B1CF80283A6FC800223987 /* RecentSearchViewController.swift in Sources */ = {isa = PBXBuildFile; fileRef = 92B1CF7F283A6FC800223987 /* RecentSearchViewController.swift */; };
		92B1CF82283AA34600223987 /* SortViewController.swift in Sources */ = {isa = PBXBuildFile; fileRef = 92B1CF81283AA34600223987 /* SortViewController.swift */; };
		92B1CF87283B71B800223987 /* RegionCategoryCell.swift in Sources */ = {isa = PBXBuildFile; fileRef = 92B1CF85283B71B800223987 /* RegionCategoryCell.swift */; };
		92B1CF88283B71B800223987 /* RegionCategoryCell.xib in Resources */ = {isa = PBXBuildFile; fileRef = 92B1CF86283B71B800223987 /* RegionCategoryCell.xib */; };
		92B1CF8B283C729500223987 /* SurroundViewController.swift in Sources */ = {isa = PBXBuildFile; fileRef = 92B1CF8A283C729500223987 /* SurroundViewController.swift */; };
		92B1CF8D283C7D2C00223987 /* FilterViewController.swift in Sources */ = {isa = PBXBuildFile; fileRef = 92B1CF8C283C7D2C00223987 /* FilterViewController.swift */; };
		92B1CF90283CA31600223987 /* FilterFoodCell.swift in Sources */ = {isa = PBXBuildFile; fileRef = 92B1CF8E283CA31600223987 /* FilterFoodCell.swift */; };
		92B1CF91283CA31600223987 /* FilterFoodCell.xib in Resources */ = {isa = PBXBuildFile; fileRef = 92B1CF8F283CA31600223987 /* FilterFoodCell.xib */; };
		92B1CF96283DA20500223987 /* RestaurantCell.swift in Sources */ = {isa = PBXBuildFile; fileRef = 92B1CF94283DA20500223987 /* RestaurantCell.swift */; };
		92B1CF97283DA20500223987 /* RestaurantCell.xib in Resources */ = {isa = PBXBuildFile; fileRef = 92B1CF95283DA20500223987 /* RestaurantCell.xib */; };
		92B1CF99283DDCBC00223987 /* RestaurantDetailViewController.swift in Sources */ = {isa = PBXBuildFile; fileRef = 92B1CF98283DDCBC00223987 /* RestaurantDetailViewController.swift */; };
		92B1CF9C283DEA9A00223987 /* DetailImageCell.swift in Sources */ = {isa = PBXBuildFile; fileRef = 92B1CF9A283DEA9A00223987 /* DetailImageCell.swift */; };
		92B1CF9D283DEA9A00223987 /* DetailImageCell.xib in Resources */ = {isa = PBXBuildFile; fileRef = 92B1CF9B283DEA9A00223987 /* DetailImageCell.xib */; };
		92B1CFA0283E385500223987 /* MenuImageCell.swift in Sources */ = {isa = PBXBuildFile; fileRef = 92B1CF9E283E385500223987 /* MenuImageCell.swift */; };
		92B1CFA1283E385500223987 /* MenuImageCell.xib in Resources */ = {isa = PBXBuildFile; fileRef = 92B1CF9F283E385500223987 /* MenuImageCell.xib */; };
		92B1CFAA283E523500223987 /* ReviewCell.swift in Sources */ = {isa = PBXBuildFile; fileRef = 92B1CFA8283E523500223987 /* ReviewCell.swift */; };
		92B1CFAB283E523500223987 /* ReviewCell.xib in Resources */ = {isa = PBXBuildFile; fileRef = 92B1CFA9283E523500223987 /* ReviewCell.xib */; };
		92B1CFBB2840C4C900223987 /* RestaurantDetail.swift in Sources */ = {isa = PBXBuildFile; fileRef = 92B1CFBA2840C4C900223987 /* RestaurantDetail.swift */; };
		92B1CFC228412E1700223987 /* SearchResultViewController.swift in Sources */ = {isa = PBXBuildFile; fileRef = 92B1CFC128412E1700223987 /* SearchResultViewController.swift */; };
		92B1CFD328415CCF00223987 /* SearchBannerCell.swift in Sources */ = {isa = PBXBuildFile; fileRef = 92B1CFD228415CCF00223987 /* SearchBannerCell.swift */; };
		92B1CFD528415CFE00223987 /* SearchBannerCell.xib in Resources */ = {isa = PBXBuildFile; fileRef = 92B1CFD428415CFE00223987 /* SearchBannerCell.xib */; };
		92B1CFDA284169DF00223987 /* ReviewWriteImageSelectViewController.swift in Sources */ = {isa = PBXBuildFile; fileRef = 92B1CFD9284169DF00223987 /* ReviewWriteImageSelectViewController.swift */; };
		92B1CFDC28416AE400223987 /* ReviewDetailViewController.swift in Sources */ = {isa = PBXBuildFile; fileRef = 92B1CFDB28416AE400223987 /* ReviewDetailViewController.swift */; };
		92B1CFE02841E8FC00223987 /* CommentCell.xib in Resources */ = {isa = PBXBuildFile; fileRef = 92B1CFDE2841E8FB00223987 /* CommentCell.xib */; };
		92B1CFE22841F30800223987 /* CommentCell.swift in Sources */ = {isa = PBXBuildFile; fileRef = 92B1CFE12841F30800223987 /* CommentCell.swift */; };
		92B1CFE52841F9E500223987 /* MapViewController.swift in Sources */ = {isa = PBXBuildFile; fileRef = 92B1CFE32841F9E500223987 /* MapViewController.swift */; };
		92B1CFE9284209C100223987 /* MapRestaurantCell.swift in Sources */ = {isa = PBXBuildFile; fileRef = 92B1CFE7284209C100223987 /* MapRestaurantCell.swift */; };
		92B1CFEA284209C100223987 /* MapRestaurantCell.xib in Resources */ = {isa = PBXBuildFile; fileRef = 92B1CFE8284209C100223987 /* MapRestaurantCell.xib */; };
		92B1CFEC28424D9F00223987 /* LocationAgreeMessageViewController.swift in Sources */ = {isa = PBXBuildFile; fileRef = 92B1CFEB28424D9E00223987 /* LocationAgreeMessageViewController.swift */; };
		92B1CFF32842906300223987 /* Restaurant.swift in Sources */ = {isa = PBXBuildFile; fileRef = 92B1CFF22842906300223987 /* Restaurant.swift */; };
		92B1CFF72843786E00223987 /* LoginViewController.swift in Sources */ = {isa = PBXBuildFile; fileRef = 92B1CFF62843786E00223987 /* LoginViewController.swift */; };
		92B1CFFB28438A0D00223987 /* JoinEmailViewController.swift in Sources */ = {isa = PBXBuildFile; fileRef = 92B1CFFA28438A0D00223987 /* JoinEmailViewController.swift */; };
		92B1CFFD28438D9A00223987 /* LoginEmailViewController.swift in Sources */ = {isa = PBXBuildFile; fileRef = 92B1CFFC28438D9A00223987 /* LoginEmailViewController.swift */; };
		92D2E0682844AF5900A9EDE1 /* EmailLoginViewModel.swift in Sources */ = {isa = PBXBuildFile; fileRef = 92D2E0672844AF5900A9EDE1 /* EmailLoginViewModel.swift */; };
		92D2E06A2844AFC900A9EDE1 /* EmailLoginInput.swift in Sources */ = {isa = PBXBuildFile; fileRef = 92D2E0692844AFC900A9EDE1 /* EmailLoginInput.swift */; };
		92D2E06C2844AFFE00A9EDE1 /* EmailLogin.swift in Sources */ = {isa = PBXBuildFile; fileRef = 92D2E06B2844AFFE00A9EDE1 /* EmailLogin.swift */; };
		92D2E0772844C93B00A9EDE1 /* JoinViewModel.swift in Sources */ = {isa = PBXBuildFile; fileRef = 92D2E0762844C93B00A9EDE1 /* JoinViewModel.swift */; };
		92D2E07B2844C9A300A9EDE1 /* Join.swift in Sources */ = {isa = PBXBuildFile; fileRef = 92D2E07A2844C9A300A9EDE1 /* Join.swift */; };
		92D2E0822844D99C00A9EDE1 /* JoinInput.swift in Sources */ = {isa = PBXBuildFile; fileRef = 92D2E0812844D99C00A9EDE1 /* JoinInput.swift */; };
		92D2E0942844E76300A9EDE1 /* Kakao.swift in Sources */ = {isa = PBXBuildFile; fileRef = 92D2E0932844E76300A9EDE1 /* Kakao.swift */; };
		92D2E09828450CB300A9EDE1 /* MangoPickViewController.swift in Sources */ = {isa = PBXBuildFile; fileRef = 92D2E09728450CB300A9EDE1 /* MangoPickViewController.swift */; };
		92D2E09B28450D8800A9EDE1 /* NewsViewController.swift in Sources */ = {isa = PBXBuildFile; fileRef = 92D2E09A28450D8800A9EDE1 /* NewsViewController.swift */; };
		92D2E09E28450DF700A9EDE1 /* MyInfoViewController.swift in Sources */ = {isa = PBXBuildFile; fileRef = 92D2E09D28450DF700A9EDE1 /* MyInfoViewController.swift */; };
		92D2E0A42845AC2400A9EDE1 /* ReviewDetail.swift in Sources */ = {isa = PBXBuildFile; fileRef = 92D2E0A32845AC2400A9EDE1 /* ReviewDetail.swift */; };
		92D2E0A72845C99E00A9EDE1 /* Wish.swift in Sources */ = {isa = PBXBuildFile; fileRef = 92D2E0A62845C99E00A9EDE1 /* Wish.swift */; };
		92D2E0AD284611B400A9EDE1 /* ReviewImageSelectCell.xib in Resources */ = {isa = PBXBuildFile; fileRef = 92D2E0AB284611B400A9EDE1 /* ReviewImageSelectCell.xib */; };
		92D2E0B7284614A900A9EDE1 /* ReviewImageSelectCell.swift in Sources */ = {isa = PBXBuildFile; fileRef = 92D2E0B6284614A900A9EDE1 /* ReviewImageSelectCell.swift */; };
		92D2E0B928461B0100A9EDE1 /* ReviewWriteViewController.swift in Sources */ = {isa = PBXBuildFile; fileRef = 92D2E0B828461B0100A9EDE1 /* ReviewWriteViewController.swift */; };
		92D2E0BD2846300E00A9EDE1 /* EatDealViewController.swift in Sources */ = {isa = PBXBuildFile; fileRef = 92D2E0BC2846300E00A9EDE1 /* EatDealViewController.swift */; };
		92D2E0C52846344F00A9EDE1 /* NewsContainerViewController.swift in Sources */ = {isa = PBXBuildFile; fileRef = 92D2E0C42846344F00A9EDE1 /* NewsContainerViewController.swift */; };
		92D2E0C72846391A00A9EDE1 /* AllViewController.swift in Sources */ = {isa = PBXBuildFile; fileRef = 92D2E0C62846391900A9EDE1 /* AllViewController.swift */; };
		92D2E0CC2846514600A9EDE1 /* ProfileCell.swift in Sources */ = {isa = PBXBuildFile; fileRef = 92D2E0CA2846514600A9EDE1 /* ProfileCell.swift */; };
		92D2E0CD2846514600A9EDE1 /* ProfileCell.xib in Resources */ = {isa = PBXBuildFile; fileRef = 92D2E0CB2846514600A9EDE1 /* ProfileCell.xib */; };
		92D2E0D02846517A00A9EDE1 /* TimeLineCell.swift in Sources */ = {isa = PBXBuildFile; fileRef = 92D2E0CE2846517A00A9EDE1 /* TimeLineCell.swift */; };
		92D2E0D12846517A00A9EDE1 /* TimeLineCell.xib in Resources */ = {isa = PBXBuildFile; fileRef = 92D2E0CF2846517A00A9EDE1 /* TimeLineCell.xib */; };
		92D2E0D4284651A800A9EDE1 /* InfoCell.swift in Sources */ = {isa = PBXBuildFile; fileRef = 92D2E0D2284651A800A9EDE1 /* InfoCell.swift */; };
		92D2E0D5284651A800A9EDE1 /* InfoCell.xib in Resources */ = {isa = PBXBuildFile; fileRef = 92D2E0D3284651A800A9EDE1 /* InfoCell.xib */; };
		92D2E0D828466BD500A9EDE1 /* SettingCell.swift in Sources */ = {isa = PBXBuildFile; fileRef = 92D2E0D628466BD500A9EDE1 /* SettingCell.swift */; };
		92D2E0D928466BD500A9EDE1 /* SettingCell.xib in Resources */ = {isa = PBXBuildFile; fileRef = 92D2E0D728466BD500A9EDE1 /* SettingCell.xib */; };
		92D2E0DB28466D3F00A9EDE1 /* SettingViewController.swift in Sources */ = {isa = PBXBuildFile; fileRef = 92D2E0DA28466D3F00A9EDE1 /* SettingViewController.swift */; };
		92D2E0E02846740500A9EDE1 /* PlusViewController.swift in Sources */ = {isa = PBXBuildFile; fileRef = 92D2E0DF2846740500A9EDE1 /* PlusViewController.swift */; };
		92D2E0E5284685DB00A9EDE1 /* EatDealCell.swift in Sources */ = {isa = PBXBuildFile; fileRef = 92D2E0E3284685DA00A9EDE1 /* EatDealCell.swift */; };
		92D2E0E6284685DB00A9EDE1 /* EatDealCell.xib in Resources */ = {isa = PBXBuildFile; fileRef = 92D2E0E4284685DA00A9EDE1 /* EatDealCell.xib */; };
		92D2E0E828468BD800A9EDE1 /* TopListViewController.swift in Sources */ = {isa = PBXBuildFile; fileRef = 92D2E0E728468BD800A9EDE1 /* TopListViewController.swift */; };
		92D2E0EB28468C1700A9EDE1 /* TopListCell.swift in Sources */ = {isa = PBXBuildFile; fileRef = 92D2E0E928468C1700A9EDE1 /* TopListCell.swift */; };
		92D2E0EC28468C1700A9EDE1 /* TopListCell.xib in Resources */ = {isa = PBXBuildFile; fileRef = 92D2E0EA28468C1700A9EDE1 /* TopListCell.xib */; };
		92D2E0EE284693E200A9EDE1 /* Constant.swift in Sources */ = {isa = PBXBuildFile; fileRef = 92D2E0ED284693E200A9EDE1 /* Constant.swift */; };
		92D2E0F32846990400A9EDE1 /* StoryBannerCell.swift in Sources */ = {isa = PBXBuildFile; fileRef = 92D2E0F12846990400A9EDE1 /* StoryBannerCell.swift */; };
		92D2E0F42846990400A9EDE1 /* StoryBannerCell.xib in Resources */ = {isa = PBXBuildFile; fileRef = 92D2E0F22846990400A9EDE1 /* StoryBannerCell.xib */; };
		92D2E0FA28469A0400A9EDE1 /* StoryCell.xib in Resources */ = {isa = PBXBuildFile; fileRef = 92D2E0F828469A0400A9EDE1 /* StoryCell.xib */; };
		92D2E10028469AE500A9EDE1 /* StoryCell.swift in Sources */ = {isa = PBXBuildFile; fileRef = 92D2E0FF28469AE500A9EDE1 /* StoryCell.swift */; };
		92D2E10228469CDC00A9EDE1 /* StoryViewController.swift in Sources */ = {isa = PBXBuildFile; fileRef = 92D2E10128469CDC00A9EDE1 /* StoryViewController.swift */; };
		92D2E1062846EEA400A9EDE1 /* NewsCell.xib in Resources */ = {isa = PBXBuildFile; fileRef = 92D2E1042846EEA400A9EDE1 /* NewsCell.xib */; };
		92D2E10A2846EF8600A9EDE1 /* NewsCell.swift in Sources */ = {isa = PBXBuildFile; fileRef = 92D2E1092846EF8600A9EDE1 /* NewsCell.swift */; };
		92D2E10E28470A5100A9EDE1 /* FollwingViewController.swift in Sources */ = {isa = PBXBuildFile; fileRef = 92D2E10D28470A5100A9EDE1 /* FollwingViewController.swift */; };
		92D2E11128470D9F00A9EDE1 /* HolicCell.swift in Sources */ = {isa = PBXBuildFile; fileRef = 92D2E10F28470D9F00A9EDE1 /* HolicCell.swift */; };
		92D2E11228470D9F00A9EDE1 /* HolicCell.xib in Resources */ = {isa = PBXBuildFile; fileRef = 92D2E11028470D9F00A9EDE1 /* HolicCell.xib */; };
		92D2E11428470EC200A9EDE1 /* HolicViewController.swift in Sources */ = {isa = PBXBuildFile; fileRef = 92D2E11328470EC100A9EDE1 /* HolicViewController.swift */; };
		92D2E11628471FAF00A9EDE1 /* ClearViewController.swift in Sources */ = {isa = PBXBuildFile; fileRef = 92D2E11528471FAF00A9EDE1 /* ClearViewController.swift */; };
		92D2E11A2847335000A9EDE1 /* TodayReviewCell.xib in Resources */ = {isa = PBXBuildFile; fileRef = 92D2E1182847335000A9EDE1 /* TodayReviewCell.xib */; };
		92D2E11C284733AF00A9EDE1 /* TodayReviewCell.swift in Sources */ = {isa = PBXBuildFile; fileRef = 92D2E11B284733AF00A9EDE1 /* TodayReviewCell.swift */; };
		92D2E11F2847431300A9EDE1 /* TodayReview.swift in Sources */ = {isa = PBXBuildFile; fileRef = 92D2E11E2847431300A9EDE1 /* TodayReview.swift */; };
		92D2E1232847944B00A9EDE1 /* Model.swift in Sources */ = {isa = PBXBuildFile; fileRef = 92D2E1222847944B00A9EDE1 /* Model.swift */; };
		92D2E1252847A9A900A9EDE1 /* Search.swift in Sources */ = {isa = PBXBuildFile; fileRef = 92D2E1242847A9A900A9EDE1 /* Search.swift */; };
/* End PBXBuildFile section */

/* Begin PBXFileReference section */
		77A0CA929DCAED15D0831272 /* Pods_mangoplate.framework */ = {isa = PBXFileReference; explicitFileType = wrapper.framework; includeInIndex = 0; path = Pods_mangoplate.framework; sourceTree = BUILT_PRODUCTS_DIR; };
		9260747228482EBD0093425D /* EatDeal.swift */ = {isa = PBXFileReference; lastKnownFileType = sourcecode.swift; path = EatDeal.swift; sourceTree = "<group>"; };
		9260747528482F5C0093425D /* News.swift */ = {isa = PBXFileReference; fileEncoding = 4; lastKnownFileType = sourcecode.swift; path = News.swift; sourceTree = "<group>"; };
		92607477284860A50093425D /* WriteInput.swift */ = {isa = PBXFileReference; lastKnownFileType = sourcecode.swift; path = WriteInput.swift; sourceTree = "<group>"; };
		9260747A284861C70093425D /* Write.swift */ = {isa = PBXFileReference; lastKnownFileType = sourcecode.swift; path = Write.swift; sourceTree = "<group>"; };
		9260747C28488AA50093425D /* UpdateDeletePopupViewController.swift */ = {isa = PBXFileReference; lastKnownFileType = sourcecode.swift; path = UpdateDeletePopupViewController.swift; sourceTree = "<group>"; };
		9260747E2848DEE00093425D /* Holic.swift */ = {isa = PBXFileReference; lastKnownFileType = sourcecode.swift; name = Holic.swift; path = mangoplate/Sources/Models/News/Holic.swift; sourceTree = SOURCE_ROOT; };
		92607480284904720093425D /* CommentPostInput.swift */ = {isa = PBXFileReference; lastKnownFileType = sourcecode.swift; path = CommentPostInput.swift; sourceTree = "<group>"; };
		92607484284918EB0093425D /* CommentPopupViewController.swift */ = {isa = PBXFileReference; lastKnownFileType = sourcecode.swift; path = CommentPopupViewController.swift; sourceTree = "<group>"; };
		92607488284929F00093425D /* CommentPutInput.swift */ = {isa = PBXFileReference; lastKnownFileType = sourcecode.swift; path = CommentPutInput.swift; sourceTree = "<group>"; };
		9260748A28493B4F0093425D /* ReportViewController.swift */ = {isa = PBXFileReference; lastKnownFileType = sourcecode.swift; path = ReportViewController.swift; sourceTree = "<group>"; };
		9260748C28493C460093425D /* ReportPopupViewController.swift */ = {isa = PBXFileReference; lastKnownFileType = sourcecode.swift; path = ReportPopupViewController.swift; sourceTree = "<group>"; };
		9260748E284947AF0093425D /* ReportsInput.swift */ = {isa = PBXFileReference; lastKnownFileType = sourcecode.swift; path = ReportsInput.swift; sourceTree = "<group>"; };
		92B1CF46283925A700223987 /* mangoplate.app */ = {isa = PBXFileReference; explicitFileType = wrapper.application; includeInIndex = 0; path = mangoplate.app; sourceTree = BUILT_PRODUCTS_DIR; };
		92B1CF49283925A700223987 /* AppDelegate.swift */ = {isa = PBXFileReference; lastKnownFileType = sourcecode.swift; path = AppDelegate.swift; sourceTree = "<group>"; };
		92B1CF4B283925A700223987 /* SceneDelegate.swift */ = {isa = PBXFileReference; lastKnownFileType = sourcecode.swift; path = SceneDelegate.swift; sourceTree = "<group>"; };
		92B1CF4D283925A700223987 /* TabBarViewController.swift */ = {isa = PBXFileReference; lastKnownFileType = sourcecode.swift; path = TabBarViewController.swift; sourceTree = "<group>"; };
		92B1CF50283925A700223987 /* Base */ = {isa = PBXFileReference; lastKnownFileType = file.storyboard; name = Base; path = Base.lproj/Main.storyboard; sourceTree = "<group>"; };
		92B1CF52283925A700223987 /* Assets.xcassets */ = {isa = PBXFileReference; lastKnownFileType = folder.assetcatalog; path = Assets.xcassets; sourceTree = "<group>"; };
		92B1CF55283925A700223987 /* Base */ = {isa = PBXFileReference; lastKnownFileType = file.storyboard; name = Base; path = Base.lproj/LaunchScreen.storyboard; sourceTree = "<group>"; };
		92B1CF57283925A700223987 /* Info.plist */ = {isa = PBXFileReference; lastKnownFileType = text.plist.xml; path = Info.plist; sourceTree = "<group>"; };
		92B1CF5D283951D800223987 /* RestaurantSearchViewController.swift */ = {isa = PBXFileReference; lastKnownFileType = sourcecode.swift; path = RestaurantSearchViewController.swift; sourceTree = "<group>"; };
		92B1CF662839689A00223987 /* LocationAgreeViewController.swift */ = {isa = PBXFileReference; lastKnownFileType = sourcecode.swift; path = LocationAgreeViewController.swift; sourceTree = "<group>"; };
		92B1CF6828396CEB00223987 /* RegionSelectViewController.swift */ = {isa = PBXFileReference; lastKnownFileType = sourcecode.swift; path = RegionSelectViewController.swift; sourceTree = "<group>"; };
		92B1CF6A2839D6C800223987 /* RegionSelectContainerViewController.swift */ = {isa = PBXFileReference; lastKnownFileType = sourcecode.swift; path = RegionSelectContainerViewController.swift; sourceTree = "<group>"; };
		92B1CF6C283A132A00223987 /* RegionSelectCell.swift */ = {isa = PBXFileReference; lastKnownFileType = sourcecode.swift; path = RegionSelectCell.swift; sourceTree = "<group>"; };
		92B1CF6D283A132A00223987 /* RegionSelectCell.xib */ = {isa = PBXFileReference; lastKnownFileType = file.xib; path = RegionSelectCell.xib; sourceTree = "<group>"; };
		92B1CF75283A601500223987 /* SearchViewController.swift */ = {isa = PBXFileReference; lastKnownFileType = sourcecode.swift; name = SearchViewController.swift; path = mangoplate/Sources/ViewControllers/RestaurantSearch/Search/SearchViewController.swift; sourceTree = SOURCE_ROOT; };
		92B1CF77283A64C400223987 /* SearchTabBarViewController.swift */ = {isa = PBXFileReference; lastKnownFileType = sourcecode.swift; name = SearchTabBarViewController.swift; path = mangoplate/Sources/ViewControllers/RestaurantSearch/Search/SearchTabBarViewController.swift; sourceTree = SOURCE_ROOT; };
		92B1CF79283A6AAC00223987 /* SearchCell.swift */ = {isa = PBXFileReference; lastKnownFileType = sourcecode.swift; name = SearchCell.swift; path = mangoplate/Sources/Cells/RestaurtantSearch/SearchCell.swift; sourceTree = SOURCE_ROOT; };
		92B1CF7A283A6AAC00223987 /* SearchCell.xib */ = {isa = PBXFileReference; lastKnownFileType = file.xib; name = SearchCell.xib; path = mangoplate/Resources/RestaurantSearch/SearchCell.xib; sourceTree = SOURCE_ROOT; };
		92B1CF7D283A6C2A00223987 /* RecommendSearchViewController.swift */ = {isa = PBXFileReference; lastKnownFileType = sourcecode.swift; name = RecommendSearchViewController.swift; path = mangoplate/Sources/ViewControllers/RestaurantSearch/Search/RecommendSearchViewController.swift; sourceTree = SOURCE_ROOT; };
		92B1CF7F283A6FC800223987 /* RecentSearchViewController.swift */ = {isa = PBXFileReference; lastKnownFileType = sourcecode.swift; name = RecentSearchViewController.swift; path = mangoplate/Sources/ViewControllers/RestaurantSearch/Search/RecentSearchViewController.swift; sourceTree = SOURCE_ROOT; };
		92B1CF81283AA34600223987 /* SortViewController.swift */ = {isa = PBXFileReference; lastKnownFileType = sourcecode.swift; path = SortViewController.swift; sourceTree = "<group>"; };
		92B1CF85283B71B800223987 /* RegionCategoryCell.swift */ = {isa = PBXFileReference; lastKnownFileType = sourcecode.swift; name = RegionCategoryCell.swift; path = mangoplate/Sources/Cells/Intro/RegionCategoryCell.swift; sourceTree = SOURCE_ROOT; };
		92B1CF86283B71B800223987 /* RegionCategoryCell.xib */ = {isa = PBXFileReference; lastKnownFileType = file.xib; name = RegionCategoryCell.xib; path = mangoplate/Resources/Intro/RegionCategoryCell.xib; sourceTree = SOURCE_ROOT; };
		92B1CF8A283C729500223987 /* SurroundViewController.swift */ = {isa = PBXFileReference; lastKnownFileType = sourcecode.swift; name = SurroundViewController.swift; path = mangoplate/Sources/ViewControllers/RestaurantSearch/SurroundViewController.swift; sourceTree = SOURCE_ROOT; };
		92B1CF8C283C7D2C00223987 /* FilterViewController.swift */ = {isa = PBXFileReference; lastKnownFileType = sourcecode.swift; name = FilterViewController.swift; path = mangoplate/Sources/ViewControllers/RestaurantSearch/FilterViewController.swift; sourceTree = SOURCE_ROOT; };
		92B1CF8E283CA31600223987 /* FilterFoodCell.swift */ = {isa = PBXFileReference; lastKnownFileType = sourcecode.swift; path = FilterFoodCell.swift; sourceTree = "<group>"; };
		92B1CF8F283CA31600223987 /* FilterFoodCell.xib */ = {isa = PBXFileReference; lastKnownFileType = file.xib; path = FilterFoodCell.xib; sourceTree = "<group>"; };
		92B1CF94283DA20500223987 /* RestaurantCell.swift */ = {isa = PBXFileReference; lastKnownFileType = sourcecode.swift; name = RestaurantCell.swift; path = mangoplate/Sources/Cells/RestaurtantSearch/RestaurantCell.swift; sourceTree = SOURCE_ROOT; };
		92B1CF95283DA20500223987 /* RestaurantCell.xib */ = {isa = PBXFileReference; lastKnownFileType = file.xib; name = RestaurantCell.xib; path = mangoplate/Resources/RestaurantSearch/RestaurantCell.xib; sourceTree = SOURCE_ROOT; };
		92B1CF98283DDCBC00223987 /* RestaurantDetailViewController.swift */ = {isa = PBXFileReference; lastKnownFileType = sourcecode.swift; path = RestaurantDetailViewController.swift; sourceTree = "<group>"; };
		92B1CF9A283DEA9A00223987 /* DetailImageCell.swift */ = {isa = PBXFileReference; lastKnownFileType = sourcecode.swift; name = DetailImageCell.swift; path = mangoplate/Sources/Cells/RestaurtantSearch/Detail/DetailImageCell.swift; sourceTree = SOURCE_ROOT; };
		92B1CF9B283DEA9A00223987 /* DetailImageCell.xib */ = {isa = PBXFileReference; lastKnownFileType = file.xib; name = DetailImageCell.xib; path = mangoplate/Resources/RestaurantSearch/Detail/DetailImageCell.xib; sourceTree = SOURCE_ROOT; };
		92B1CF9E283E385500223987 /* MenuImageCell.swift */ = {isa = PBXFileReference; lastKnownFileType = sourcecode.swift; name = MenuImageCell.swift; path = mangoplate/Sources/Cells/RestaurtantSearch/Detail/MenuImageCell.swift; sourceTree = SOURCE_ROOT; };
		92B1CF9F283E385500223987 /* MenuImageCell.xib */ = {isa = PBXFileReference; lastKnownFileType = file.xib; name = MenuImageCell.xib; path = mangoplate/Resources/RestaurantSearch/Detail/MenuImageCell.xib; sourceTree = SOURCE_ROOT; };
		92B1CFA8283E523500223987 /* ReviewCell.swift */ = {isa = PBXFileReference; lastKnownFileType = sourcecode.swift; name = ReviewCell.swift; path = mangoplate/Sources/Cells/RestaurtantSearch/Detail/ReviewCell.swift; sourceTree = SOURCE_ROOT; };
		92B1CFA9283E523500223987 /* ReviewCell.xib */ = {isa = PBXFileReference; lastKnownFileType = file.xib; name = ReviewCell.xib; path = mangoplate/Resources/RestaurantSearch/Detail/ReviewCell.xib; sourceTree = SOURCE_ROOT; };
		92B1CFBA2840C4C900223987 /* RestaurantDetail.swift */ = {isa = PBXFileReference; lastKnownFileType = sourcecode.swift; path = RestaurantDetail.swift; sourceTree = "<group>"; };
		92B1CFC128412E1700223987 /* SearchResultViewController.swift */ = {isa = PBXFileReference; lastKnownFileType = sourcecode.swift; name = SearchResultViewController.swift; path = mangoplate/Sources/ViewControllers/RestaurantSearch/Search/SearchResultViewController.swift; sourceTree = SOURCE_ROOT; };
		92B1CFD228415CCF00223987 /* SearchBannerCell.swift */ = {isa = PBXFileReference; lastKnownFileType = sourcecode.swift; path = SearchBannerCell.swift; sourceTree = "<group>"; };
		92B1CFD428415CFE00223987 /* SearchBannerCell.xib */ = {isa = PBXFileReference; lastKnownFileType = file.xib; path = SearchBannerCell.xib; sourceTree = "<group>"; };
		92B1CFD9284169DF00223987 /* ReviewWriteImageSelectViewController.swift */ = {isa = PBXFileReference; lastKnownFileType = sourcecode.swift; path = ReviewWriteImageSelectViewController.swift; sourceTree = "<group>"; };
		92B1CFDB28416AE400223987 /* ReviewDetailViewController.swift */ = {isa = PBXFileReference; lastKnownFileType = sourcecode.swift; name = ReviewDetailViewController.swift; path = mangoplate/Sources/ViewControllers/RestaurantSearch/Detail/ReviewDetailViewController.swift; sourceTree = SOURCE_ROOT; };
		92B1CFDE2841E8FB00223987 /* CommentCell.xib */ = {isa = PBXFileReference; lastKnownFileType = file.xib; name = CommentCell.xib; path = mangoplate/Resources/RestaurantSearch/Detail/CommentCell.xib; sourceTree = SOURCE_ROOT; };
		92B1CFE12841F30800223987 /* CommentCell.swift */ = {isa = PBXFileReference; lastKnownFileType = sourcecode.swift; path = CommentCell.swift; sourceTree = "<group>"; };
		92B1CFE32841F9E500223987 /* MapViewController.swift */ = {isa = PBXFileReference; lastKnownFileType = sourcecode.swift; name = MapViewController.swift; path = mangoplate/Sources/ViewControllers/RestaurantSearch/MapViewController.swift; sourceTree = SOURCE_ROOT; };
		92B1CFE7284209C100223987 /* MapRestaurantCell.swift */ = {isa = PBXFileReference; lastKnownFileType = sourcecode.swift; path = MapRestaurantCell.swift; sourceTree = "<group>"; };
		92B1CFE8284209C100223987 /* MapRestaurantCell.xib */ = {isa = PBXFileReference; lastKnownFileType = file.xib; path = MapRestaurantCell.xib; sourceTree = "<group>"; };
		92B1CFEB28424D9E00223987 /* LocationAgreeMessageViewController.swift */ = {isa = PBXFileReference; lastKnownFileType = sourcecode.swift; path = LocationAgreeMessageViewController.swift; sourceTree = "<group>"; };
		92B1CFF22842906300223987 /* Restaurant.swift */ = {isa = PBXFileReference; lastKnownFileType = sourcecode.swift; name = Restaurant.swift; path = mangoplate/Sources/Models/RestaurantSearch/Restaurant.swift; sourceTree = SOURCE_ROOT; };
		92B1CFF62843786E00223987 /* LoginViewController.swift */ = {isa = PBXFileReference; lastKnownFileType = sourcecode.swift; name = LoginViewController.swift; path = mangoplate/Sources/ViewControllers/Intro/Login/LoginViewController.swift; sourceTree = SOURCE_ROOT; };
		92B1CFFA28438A0D00223987 /* JoinEmailViewController.swift */ = {isa = PBXFileReference; lastKnownFileType = sourcecode.swift; name = JoinEmailViewController.swift; path = mangoplate/Sources/ViewControllers/Intro/Login/JoinEmailViewController.swift; sourceTree = SOURCE_ROOT; };
		92B1CFFC28438D9A00223987 /* LoginEmailViewController.swift */ = {isa = PBXFileReference; lastKnownFileType = sourcecode.swift; name = LoginEmailViewController.swift; path = mangoplate/Sources/ViewControllers/Intro/Login/LoginEmailViewController.swift; sourceTree = SOURCE_ROOT; };
		92D2E0672844AF5900A9EDE1 /* EmailLoginViewModel.swift */ = {isa = PBXFileReference; lastKnownFileType = sourcecode.swift; path = EmailLoginViewModel.swift; sourceTree = "<group>"; };
		92D2E0692844AFC900A9EDE1 /* EmailLoginInput.swift */ = {isa = PBXFileReference; lastKnownFileType = sourcecode.swift; path = EmailLoginInput.swift; sourceTree = "<group>"; };
		92D2E06B2844AFFE00A9EDE1 /* EmailLogin.swift */ = {isa = PBXFileReference; lastKnownFileType = sourcecode.swift; path = EmailLogin.swift; sourceTree = "<group>"; };
		92D2E0762844C93B00A9EDE1 /* JoinViewModel.swift */ = {isa = PBXFileReference; lastKnownFileType = sourcecode.swift; name = JoinViewModel.swift; path = mangoplate/Sources/ViewModels/Intro/JoinViewModel.swift; sourceTree = SOURCE_ROOT; };
		92D2E07A2844C9A300A9EDE1 /* Join.swift */ = {isa = PBXFileReference; lastKnownFileType = sourcecode.swift; path = Join.swift; sourceTree = "<group>"; };
		92D2E0812844D99C00A9EDE1 /* JoinInput.swift */ = {isa = PBXFileReference; lastKnownFileType = sourcecode.swift; path = JoinInput.swift; sourceTree = "<group>"; };
		92D2E0932844E76300A9EDE1 /* Kakao.swift */ = {isa = PBXFileReference; lastKnownFileType = sourcecode.swift; path = Kakao.swift; sourceTree = "<group>"; };
		92D2E09728450CB300A9EDE1 /* MangoPickViewController.swift */ = {isa = PBXFileReference; lastKnownFileType = sourcecode.swift; path = MangoPickViewController.swift; sourceTree = "<group>"; };
		92D2E09A28450D8800A9EDE1 /* NewsViewController.swift */ = {isa = PBXFileReference; lastKnownFileType = sourcecode.swift; path = NewsViewController.swift; sourceTree = "<group>"; };
		92D2E09D28450DF700A9EDE1 /* MyInfoViewController.swift */ = {isa = PBXFileReference; lastKnownFileType = sourcecode.swift; path = MyInfoViewController.swift; sourceTree = "<group>"; };
		92D2E0A32845AC2400A9EDE1 /* ReviewDetail.swift */ = {isa = PBXFileReference; lastKnownFileType = sourcecode.swift; path = ReviewDetail.swift; sourceTree = "<group>"; };
		92D2E0A62845C99E00A9EDE1 /* Wish.swift */ = {isa = PBXFileReference; lastKnownFileType = sourcecode.swift; path = Wish.swift; sourceTree = "<group>"; };
		92D2E0AB284611B400A9EDE1 /* ReviewImageSelectCell.xib */ = {isa = PBXFileReference; lastKnownFileType = file.xib; name = ReviewImageSelectCell.xib; path = mangoplate/Resources/RestaurantSearch/Detail/ReviewImageSelectCell.xib; sourceTree = SOURCE_ROOT; };
		92D2E0B6284614A900A9EDE1 /* ReviewImageSelectCell.swift */ = {isa = PBXFileReference; lastKnownFileType = sourcecode.swift; path = ReviewImageSelectCell.swift; sourceTree = "<group>"; };
		92D2E0B828461B0100A9EDE1 /* ReviewWriteViewController.swift */ = {isa = PBXFileReference; lastKnownFileType = sourcecode.swift; path = ReviewWriteViewController.swift; sourceTree = "<group>"; };
		92D2E0BC2846300E00A9EDE1 /* EatDealViewController.swift */ = {isa = PBXFileReference; lastKnownFileType = sourcecode.swift; path = EatDealViewController.swift; sourceTree = "<group>"; };
		92D2E0C42846344F00A9EDE1 /* NewsContainerViewController.swift */ = {isa = PBXFileReference; lastKnownFileType = sourcecode.swift; path = NewsContainerViewController.swift; sourceTree = "<group>"; };
		92D2E0C62846391900A9EDE1 /* AllViewController.swift */ = {isa = PBXFileReference; lastKnownFileType = sourcecode.swift; path = AllViewController.swift; sourceTree = "<group>"; };
		92D2E0CA2846514600A9EDE1 /* ProfileCell.swift */ = {isa = PBXFileReference; lastKnownFileType = sourcecode.swift; path = ProfileCell.swift; sourceTree = "<group>"; };
		92D2E0CB2846514600A9EDE1 /* ProfileCell.xib */ = {isa = PBXFileReference; lastKnownFileType = file.xib; path = ProfileCell.xib; sourceTree = "<group>"; };
		92D2E0CE2846517A00A9EDE1 /* TimeLineCell.swift */ = {isa = PBXFileReference; lastKnownFileType = sourcecode.swift; path = TimeLineCell.swift; sourceTree = "<group>"; };
		92D2E0CF2846517A00A9EDE1 /* TimeLineCell.xib */ = {isa = PBXFileReference; lastKnownFileType = file.xib; path = TimeLineCell.xib; sourceTree = "<group>"; };
		92D2E0D2284651A800A9EDE1 /* InfoCell.swift */ = {isa = PBXFileReference; lastKnownFileType = sourcecode.swift; path = InfoCell.swift; sourceTree = "<group>"; };
		92D2E0D3284651A800A9EDE1 /* InfoCell.xib */ = {isa = PBXFileReference; lastKnownFileType = file.xib; path = InfoCell.xib; sourceTree = "<group>"; };
		92D2E0D628466BD500A9EDE1 /* SettingCell.swift */ = {isa = PBXFileReference; lastKnownFileType = sourcecode.swift; path = SettingCell.swift; sourceTree = "<group>"; };
		92D2E0D728466BD500A9EDE1 /* SettingCell.xib */ = {isa = PBXFileReference; lastKnownFileType = file.xib; path = SettingCell.xib; sourceTree = "<group>"; };
		92D2E0DA28466D3F00A9EDE1 /* SettingViewController.swift */ = {isa = PBXFileReference; lastKnownFileType = sourcecode.swift; path = SettingViewController.swift; sourceTree = "<group>"; };
		92D2E0DF2846740500A9EDE1 /* PlusViewController.swift */ = {isa = PBXFileReference; lastKnownFileType = sourcecode.swift; path = PlusViewController.swift; sourceTree = "<group>"; };
		92D2E0E3284685DA00A9EDE1 /* EatDealCell.swift */ = {isa = PBXFileReference; lastKnownFileType = sourcecode.swift; path = EatDealCell.swift; sourceTree = "<group>"; };
		92D2E0E4284685DA00A9EDE1 /* EatDealCell.xib */ = {isa = PBXFileReference; lastKnownFileType = file.xib; path = EatDealCell.xib; sourceTree = "<group>"; };
		92D2E0E728468BD800A9EDE1 /* TopListViewController.swift */ = {isa = PBXFileReference; lastKnownFileType = sourcecode.swift; path = TopListViewController.swift; sourceTree = "<group>"; };
		92D2E0E928468C1700A9EDE1 /* TopListCell.swift */ = {isa = PBXFileReference; lastKnownFileType = sourcecode.swift; path = TopListCell.swift; sourceTree = "<group>"; };
		92D2E0EA28468C1700A9EDE1 /* TopListCell.xib */ = {isa = PBXFileReference; lastKnownFileType = file.xib; path = TopListCell.xib; sourceTree = "<group>"; };
		92D2E0ED284693E200A9EDE1 /* Constant.swift */ = {isa = PBXFileReference; fileEncoding = 4; lastKnownFileType = sourcecode.swift; path = Constant.swift; sourceTree = "<group>"; };
		92D2E0F12846990400A9EDE1 /* StoryBannerCell.swift */ = {isa = PBXFileReference; lastKnownFileType = sourcecode.swift; path = StoryBannerCell.swift; sourceTree = "<group>"; };
		92D2E0F22846990400A9EDE1 /* StoryBannerCell.xib */ = {isa = PBXFileReference; lastKnownFileType = file.xib; path = StoryBannerCell.xib; sourceTree = "<group>"; };
		92D2E0F828469A0400A9EDE1 /* StoryCell.xib */ = {isa = PBXFileReference; lastKnownFileType = file.xib; path = StoryCell.xib; sourceTree = "<group>"; };
		92D2E0FF28469AE500A9EDE1 /* StoryCell.swift */ = {isa = PBXFileReference; lastKnownFileType = sourcecode.swift; name = StoryCell.swift; path = mangoplate/Sources/Cells/MangoPick/StoryCell.swift; sourceTree = SOURCE_ROOT; };
		92D2E10128469CDC00A9EDE1 /* StoryViewController.swift */ = {isa = PBXFileReference; lastKnownFileType = sourcecode.swift; path = StoryViewController.swift; sourceTree = "<group>"; };
		92D2E1042846EEA400A9EDE1 /* NewsCell.xib */ = {isa = PBXFileReference; lastKnownFileType = file.xib; path = NewsCell.xib; sourceTree = "<group>"; };
		92D2E1092846EF8600A9EDE1 /* NewsCell.swift */ = {isa = PBXFileReference; lastKnownFileType = sourcecode.swift; path = NewsCell.swift; sourceTree = "<group>"; };
		92D2E10D28470A5100A9EDE1 /* FollwingViewController.swift */ = {isa = PBXFileReference; lastKnownFileType = sourcecode.swift; path = FollwingViewController.swift; sourceTree = "<group>"; };
		92D2E10F28470D9F00A9EDE1 /* HolicCell.swift */ = {isa = PBXFileReference; lastKnownFileType = sourcecode.swift; path = HolicCell.swift; sourceTree = "<group>"; };
		92D2E11028470D9F00A9EDE1 /* HolicCell.xib */ = {isa = PBXFileReference; lastKnownFileType = file.xib; path = HolicCell.xib; sourceTree = "<group>"; };
		92D2E11328470EC100A9EDE1 /* HolicViewController.swift */ = {isa = PBXFileReference; lastKnownFileType = sourcecode.swift; path = HolicViewController.swift; sourceTree = "<group>"; };
		92D2E11528471FAF00A9EDE1 /* ClearViewController.swift */ = {isa = PBXFileReference; lastKnownFileType = sourcecode.swift; path = ClearViewController.swift; sourceTree = "<group>"; };
		92D2E1182847335000A9EDE1 /* TodayReviewCell.xib */ = {isa = PBXFileReference; lastKnownFileType = file.xib; path = TodayReviewCell.xib; sourceTree = "<group>"; };
		92D2E11B284733AF00A9EDE1 /* TodayReviewCell.swift */ = {isa = PBXFileReference; lastKnownFileType = sourcecode.swift; path = TodayReviewCell.swift; sourceTree = "<group>"; };
		92D2E11E2847431300A9EDE1 /* TodayReview.swift */ = {isa = PBXFileReference; lastKnownFileType = sourcecode.swift; path = TodayReview.swift; sourceTree = "<group>"; };
		92D2E1222847944B00A9EDE1 /* Model.swift */ = {isa = PBXFileReference; lastKnownFileType = sourcecode.swift; path = Model.swift; sourceTree = "<group>"; };
		92D2E1242847A9A900A9EDE1 /* Search.swift */ = {isa = PBXFileReference; lastKnownFileType = sourcecode.swift; path = Search.swift; sourceTree = "<group>"; };
		C5EF894695DF60D5205E8154 /* Pods-mangoplate.debug.xcconfig */ = {isa = PBXFileReference; includeInIndex = 1; lastKnownFileType = text.xcconfig; name = "Pods-mangoplate.debug.xcconfig"; path = "Target Support Files/Pods-mangoplate/Pods-mangoplate.debug.xcconfig"; sourceTree = "<group>"; };
		C9567F2AF9D2E8E775776E54 /* Pods-mangoplate.release.xcconfig */ = {isa = PBXFileReference; includeInIndex = 1; lastKnownFileType = text.xcconfig; name = "Pods-mangoplate.release.xcconfig"; path = "Target Support Files/Pods-mangoplate/Pods-mangoplate.release.xcconfig"; sourceTree = "<group>"; };
/* End PBXFileReference section */

/* Begin PBXFrameworksBuildPhase section */
		92B1CF43283925A700223987 /* Frameworks */ = {
			isa = PBXFrameworksBuildPhase;
			buildActionMask = 2147483647;
			files = (
				03C5EBBDF5ABCEA41FABB04D /* Pods_mangoplate.framework in Frameworks */,
			);
			runOnlyForDeploymentPostprocessing = 0;
		};
/* End PBXFrameworksBuildPhase section */

/* Begin PBXGroup section */
		089F5AD1606D3015E5565536 /* Pods */ = {
			isa = PBXGroup;
			children = (
				C5EF894695DF60D5205E8154 /* Pods-mangoplate.debug.xcconfig */,
				C9567F2AF9D2E8E775776E54 /* Pods-mangoplate.release.xcconfig */,
			);
			path = Pods;
			sourceTree = "<group>";
		};
		9260747428482ED50093425D /* News */ = {
			isa = PBXGroup;
			children = (
				9260747528482F5C0093425D /* News.swift */,
				92D2E11E2847431300A9EDE1 /* TodayReview.swift */,
				9260747E2848DEE00093425D /* Holic.swift */,
			);
			path = News;
			sourceTree = "<group>";
		};
		92607479284860A90093425D /* Detail */ = {
			isa = PBXGroup;
			children = (
				92B1CFBA2840C4C900223987 /* RestaurantDetail.swift */,
				92D2E0A32845AC2400A9EDE1 /* ReviewDetail.swift */,
				92607477284860A50093425D /* WriteInput.swift */,
				9260747A284861C70093425D /* Write.swift */,
				92607480284904720093425D /* CommentPostInput.swift */,
				92607488284929F00093425D /* CommentPutInput.swift */,
				9260748E284947AF0093425D /* ReportsInput.swift */,
			);
			path = Detail;
			sourceTree = "<group>";
		};
		92B1CF3D283925A700223987 = {
			isa = PBXGroup;
			children = (
				92B1CF48283925A700223987 /* mangoplate */,
				92B1CF47283925A700223987 /* Products */,
				089F5AD1606D3015E5565536 /* Pods */,
				D11F6C4696A2336BF1B24CE4 /* Frameworks */,
			);
			sourceTree = "<group>";
		};
		92B1CF47283925A700223987 /* Products */ = {
			isa = PBXGroup;
			children = (
				92B1CF46283925A700223987 /* mangoplate.app */,
			);
			name = Products;
			sourceTree = "<group>";
		};
		92B1CF48283925A700223987 /* mangoplate */ = {
			isa = PBXGroup;
			children = (
				92D2E0ED284693E200A9EDE1 /* Constant.swift */,
				92B1CF6128395C3900223987 /* Resources */,
				92B1CF6228395C7500223987 /* Sources */,
				92B1CF57283925A700223987 /* Info.plist */,
			);
			path = mangoplate;
			sourceTree = "<group>";
		};
		92B1CF6128395C3900223987 /* Resources */ = {
			isa = PBXGroup;
			children = (
				92B1CF52283925A700223987 /* Assets.xcassets */,
				92B1CF4B283925A700223987 /* SceneDelegate.swift */,
				92B1CF49283925A700223987 /* AppDelegate.swift */,
				92B1CF4F283925A700223987 /* Main.storyboard */,
				92B1CF54283925A700223987 /* LaunchScreen.storyboard */,
				92B1CFEF28424EC200223987 /* Intro */,
				92B1CFBF28412CDE00223987 /* RestaurantSearch */,
				92D2E0BF2846323700A9EDE1 /* MangoPick */,
				92D2E1082846EEF100A9EDE1 /* News */,
				92D2E0C9284650F000A9EDE1 /* MyInfo */,
			);
			path = Resources;
			sourceTree = "<group>";
		};
		92B1CF6228395C7500223987 /* Sources */ = {
			isa = PBXGroup;
			children = (
				92D2E0892844E43E00A9EDE1 /* ViewModels */,
				92B1CF6528395CE600223987 /* ViewControllers */,
				92B1CF6428395CDD00223987 /* Cells */,
				92B1CF6328395C8200223987 /* Models */,
			);
			path = Sources;
			sourceTree = "<group>";
		};
		92B1CF6328395C8200223987 /* Models */ = {
			isa = PBXGroup;
			children = (
				92D2E1222847944B00A9EDE1 /* Model.swift */,
				92D2E0872844DCF900A9EDE1 /* Intro */,
				92D2E0A52845AC2B00A9EDE1 /* RestaurantSearch */,
				92D2E11D284742EB00A9EDE1 /* MangoPick */,
				9260747428482ED50093425D /* News */,
			);
			path = Models;
			sourceTree = "<group>";
		};
		92B1CF6428395CDD00223987 /* Cells */ = {
			isa = PBXGroup;
			children = (
				92B1CFEE28424DD700223987 /* Intro */,
				92B1CFC628414AFA00223987 /* RestaurtantSearch */,
				92D2E1072846EEDD00A9EDE1 /* News */,
				92D2E0BE2846321B00A9EDE1 /* MangoPick */,
				92D2E0C8284650D000A9EDE1 /* MyInfo */,
			);
			path = Cells;
			sourceTree = "<group>";
		};
		92B1CF6528395CE600223987 /* ViewControllers */ = {
			isa = PBXGroup;
			children = (
				92B1CFED28424DBE00223987 /* Intro */,
				92B1CFBD28412C0400223987 /* RestaurantSearch */,
				92D2E09928450CC700A9EDE1 /* MangoPick */,
				92D2E0DE284672D800A9EDE1 /* Plus */,
				92D2E09C28450D9100A9EDE1 /* News */,
				92D2E09F28450E0200A9EDE1 /* MyInfo */,
			);
			path = ViewControllers;
			sourceTree = "<group>";
		};
		92B1CFBD28412C0400223987 /* RestaurantSearch */ = {
			isa = PBXGroup;
			children = (
				92B1CF5D283951D800223987 /* RestaurantSearchViewController.swift */,
				92B1CF81283AA34600223987 /* SortViewController.swift */,
				92B1CF8A283C729500223987 /* SurroundViewController.swift */,
				92B1CF8C283C7D2C00223987 /* FilterViewController.swift */,
				92B1CFE32841F9E500223987 /* MapViewController.swift */,
				92B1CFD82841695500223987 /* Detail */,
				92B1CFBE28412C5E00223987 /* Search */,
			);
			path = RestaurantSearch;
			sourceTree = "<group>";
		};
		92B1CFBE28412C5E00223987 /* Search */ = {
			isa = PBXGroup;
			children = (
				92B1CF75283A601500223987 /* SearchViewController.swift */,
				92B1CFC128412E1700223987 /* SearchResultViewController.swift */,
				92B1CF77283A64C400223987 /* SearchTabBarViewController.swift */,
				92B1CF7D283A6C2A00223987 /* RecommendSearchViewController.swift */,
				92B1CF7F283A6FC800223987 /* RecentSearchViewController.swift */,
			);
			path = Search;
			sourceTree = "<group>";
		};
		92B1CFBF28412CDE00223987 /* RestaurantSearch */ = {
			isa = PBXGroup;
			children = (
				92B1CF8F283CA31600223987 /* FilterFoodCell.xib */,
				92B1CF95283DA20500223987 /* RestaurantCell.xib */,
				92B1CF7A283A6AAC00223987 /* SearchCell.xib */,
				92B1CFD428415CFE00223987 /* SearchBannerCell.xib */,
				92B1CFE8284209C100223987 /* MapRestaurantCell.xib */,
				92B1CFC028412D0000223987 /* Detail */,
			);
			path = RestaurantSearch;
			sourceTree = "<group>";
		};
		92B1CFC028412D0000223987 /* Detail */ = {
			isa = PBXGroup;
			children = (
				92B1CF9B283DEA9A00223987 /* DetailImageCell.xib */,
				92B1CF9F283E385500223987 /* MenuImageCell.xib */,
				92B1CFA9283E523500223987 /* ReviewCell.xib */,
				92B1CFDE2841E8FB00223987 /* CommentCell.xib */,
				92D2E0AB284611B400A9EDE1 /* ReviewImageSelectCell.xib */,
			);
			path = Detail;
			sourceTree = "<group>";
		};
		92B1CFC628414AFA00223987 /* RestaurtantSearch */ = {
			isa = PBXGroup;
			children = (
				92B1CF79283A6AAC00223987 /* SearchCell.swift */,
				92B1CF8E283CA31600223987 /* FilterFoodCell.swift */,
				92B1CFD228415CCF00223987 /* SearchBannerCell.swift */,
				92B1CF94283DA20500223987 /* RestaurantCell.swift */,
				92B1CFE7284209C100223987 /* MapRestaurantCell.swift */,
				92B1CFC728414B0B00223987 /* Detail */,
			);
			path = RestaurtantSearch;
			sourceTree = "<group>";
		};
		92B1CFC728414B0B00223987 /* Detail */ = {
			isa = PBXGroup;
			children = (
				92B1CFA8283E523500223987 /* ReviewCell.swift */,
				92B1CF9E283E385500223987 /* MenuImageCell.swift */,
				92B1CF9A283DEA9A00223987 /* DetailImageCell.swift */,
				92B1CFE12841F30800223987 /* CommentCell.swift */,
				92D2E0B6284614A900A9EDE1 /* ReviewImageSelectCell.swift */,
			);
			path = Detail;
			sourceTree = "<group>";
		};
		92B1CFD82841695500223987 /* Detail */ = {
			isa = PBXGroup;
			children = (
				92B1CF98283DDCBC00223987 /* RestaurantDetailViewController.swift */,
				9260747C28488AA50093425D /* UpdateDeletePopupViewController.swift */,
				92B1CFD9284169DF00223987 /* ReviewWriteImageSelectViewController.swift */,
				92B1CFDB28416AE400223987 /* ReviewDetailViewController.swift */,
				92D2E0B828461B0100A9EDE1 /* ReviewWriteViewController.swift */,
				92607484284918EB0093425D /* CommentPopupViewController.swift */,
				9260748A28493B4F0093425D /* ReportViewController.swift */,
				9260748C28493C460093425D /* ReportPopupViewController.swift */,
			);
			path = Detail;
			sourceTree = "<group>";
		};
		92B1CFED28424DBE00223987 /* Intro */ = {
			isa = PBXGroup;
			children = (
				92D2E0882844E40200A9EDE1 /* Login */,
				92B1CF662839689A00223987 /* LocationAgreeViewController.swift */,
				92B1CFEB28424D9E00223987 /* LocationAgreeMessageViewController.swift */,
				92B1CF6828396CEB00223987 /* RegionSelectViewController.swift */,
				92B1CF6A2839D6C800223987 /* RegionSelectContainerViewController.swift */,
				92B1CF4D283925A700223987 /* TabBarViewController.swift */,
			);
			path = Intro;
			sourceTree = "<group>";
		};
		92B1CFEE28424DD700223987 /* Intro */ = {
			isa = PBXGroup;
			children = (
				92B1CF85283B71B800223987 /* RegionCategoryCell.swift */,
				92B1CF6C283A132A00223987 /* RegionSelectCell.swift */,
			);
			path = Intro;
			sourceTree = "<group>";
		};
		92B1CFEF28424EC200223987 /* Intro */ = {
			isa = PBXGroup;
			children = (
				92B1CF86283B71B800223987 /* RegionCategoryCell.xib */,
				92B1CF6D283A132A00223987 /* RegionSelectCell.xib */,
			);
			path = Intro;
			sourceTree = "<group>";
		};
		92D2E0872844DCF900A9EDE1 /* Intro */ = {
			isa = PBXGroup;
			children = (
				92D2E08B2844E47000A9EDE1 /* Login */,
			);
			path = Intro;
			sourceTree = "<group>";
		};
		92D2E0882844E40200A9EDE1 /* Login */ = {
			isa = PBXGroup;
			children = (
				92B1CFF62843786E00223987 /* LoginViewController.swift */,
				92B1CFFC28438D9A00223987 /* LoginEmailViewController.swift */,
				92B1CFFA28438A0D00223987 /* JoinEmailViewController.swift */,
			);
			path = Login;
			sourceTree = "<group>";
		};
		92D2E0892844E43E00A9EDE1 /* ViewModels */ = {
			isa = PBXGroup;
			children = (
				92D2E08A2844E45900A9EDE1 /* Intro */,
			);
			path = ViewModels;
			sourceTree = "<group>";
		};
		92D2E08A2844E45900A9EDE1 /* Intro */ = {
			isa = PBXGroup;
			children = (
				92D2E0762844C93B00A9EDE1 /* JoinViewModel.swift */,
				92D2E0672844AF5900A9EDE1 /* EmailLoginViewModel.swift */,
			);
			path = Intro;
			sourceTree = "<group>";
		};
		92D2E08B2844E47000A9EDE1 /* Login */ = {
			isa = PBXGroup;
			children = (
				92D2E0812844D99C00A9EDE1 /* JoinInput.swift */,
				92D2E07A2844C9A300A9EDE1 /* Join.swift */,
				92D2E0692844AFC900A9EDE1 /* EmailLoginInput.swift */,
				92D2E06B2844AFFE00A9EDE1 /* EmailLogin.swift */,
				92D2E0932844E76300A9EDE1 /* Kakao.swift */,
			);
			path = Login;
			sourceTree = "<group>";
		};
		92D2E09928450CC700A9EDE1 /* MangoPick */ = {
			isa = PBXGroup;
			children = (
				92D2E09728450CB300A9EDE1 /* MangoPickViewController.swift */,
				92D2E0BC2846300E00A9EDE1 /* EatDealViewController.swift */,
				92D2E10128469CDC00A9EDE1 /* StoryViewController.swift */,
				92D2E0E728468BD800A9EDE1 /* TopListViewController.swift */,
			);
			path = MangoPick;
			sourceTree = "<group>";
		};
		92D2E09C28450D9100A9EDE1 /* News */ = {
			isa = PBXGroup;
			children = (
				92D2E09A28450D8800A9EDE1 /* NewsViewController.swift */,
				92D2E0C42846344F00A9EDE1 /* NewsContainerViewController.swift */,
				92D2E0C62846391900A9EDE1 /* AllViewController.swift */,
				92D2E10D28470A5100A9EDE1 /* FollwingViewController.swift */,
				92D2E11328470EC100A9EDE1 /* HolicViewController.swift */,
				92D2E11528471FAF00A9EDE1 /* ClearViewController.swift */,
			);
			path = News;
			sourceTree = "<group>";
		};
		92D2E09F28450E0200A9EDE1 /* MyInfo */ = {
			isa = PBXGroup;
			children = (
				92D2E09D28450DF700A9EDE1 /* MyInfoViewController.swift */,
				92D2E0DA28466D3F00A9EDE1 /* SettingViewController.swift */,
			);
			path = MyInfo;
			sourceTree = "<group>";
		};
		92D2E0A52845AC2B00A9EDE1 /* RestaurantSearch */ = {
			isa = PBXGroup;
			children = (
				92607479284860A90093425D /* Detail */,
				92B1CFF22842906300223987 /* Restaurant.swift */,
				92D2E1242847A9A900A9EDE1 /* Search.swift */,
				92D2E0A62845C99E00A9EDE1 /* Wish.swift */,
			);
			path = RestaurantSearch;
			sourceTree = "<group>";
		};
		92D2E0BE2846321B00A9EDE1 /* MangoPick */ = {
			isa = PBXGroup;
			children = (
				92D2E0E3284685DA00A9EDE1 /* EatDealCell.swift */,
				92D2E0F12846990400A9EDE1 /* StoryBannerCell.swift */,
				92D2E0FF28469AE500A9EDE1 /* StoryCell.swift */,
				92D2E0E928468C1700A9EDE1 /* TopListCell.swift */,
			);
			path = MangoPick;
			sourceTree = "<group>";
		};
		92D2E0BF2846323700A9EDE1 /* MangoPick */ = {
			isa = PBXGroup;
			children = (
				92D2E0E4284685DA00A9EDE1 /* EatDealCell.xib */,
				92D2E0F22846990400A9EDE1 /* StoryBannerCell.xib */,
				92D2E0F828469A0400A9EDE1 /* StoryCell.xib */,
				92D2E0EA28468C1700A9EDE1 /* TopListCell.xib */,
			);
			path = MangoPick;
			sourceTree = "<group>";
		};
		92D2E0C8284650D000A9EDE1 /* MyInfo */ = {
			isa = PBXGroup;
			children = (
				92D2E0CA2846514600A9EDE1 /* ProfileCell.swift */,
				92D2E0CE2846517A00A9EDE1 /* TimeLineCell.swift */,
				92D2E0D2284651A800A9EDE1 /* InfoCell.swift */,
				92D2E0D628466BD500A9EDE1 /* SettingCell.swift */,
			);
			path = MyInfo;
			sourceTree = "<group>";
		};
		92D2E0C9284650F000A9EDE1 /* MyInfo */ = {
			isa = PBXGroup;
			children = (
				92D2E0D3284651A800A9EDE1 /* InfoCell.xib */,
				92D2E0CB2846514600A9EDE1 /* ProfileCell.xib */,
				92D2E0CF2846517A00A9EDE1 /* TimeLineCell.xib */,
				92D2E0D728466BD500A9EDE1 /* SettingCell.xib */,
			);
			path = MyInfo;
			sourceTree = "<group>";
		};
		92D2E0DE284672D800A9EDE1 /* Plus */ = {
			isa = PBXGroup;
			children = (
				92D2E0DF2846740500A9EDE1 /* PlusViewController.swift */,
			);
			path = Plus;
			sourceTree = "<group>";
		};
		92D2E1072846EEDD00A9EDE1 /* News */ = {
			isa = PBXGroup;
			children = (
				92D2E1092846EF8600A9EDE1 /* NewsCell.swift */,
				92D2E11B284733AF00A9EDE1 /* TodayReviewCell.swift */,
				92D2E10F28470D9F00A9EDE1 /* HolicCell.swift */,
			);
			path = News;
			sourceTree = "<group>";
		};
		92D2E1082846EEF100A9EDE1 /* News */ = {
			isa = PBXGroup;
			children = (
				92D2E1042846EEA400A9EDE1 /* NewsCell.xib */,
				92D2E1182847335000A9EDE1 /* TodayReviewCell.xib */,
				92D2E11028470D9F00A9EDE1 /* HolicCell.xib */,
			);
			path = News;
			sourceTree = "<group>";
		};
		92D2E11D284742EB00A9EDE1 /* MangoPick */ = {
			isa = PBXGroup;
			children = (
				9260747228482EBD0093425D /* EatDeal.swift */,
			);
			path = MangoPick;
			sourceTree = "<group>";
		};
		D11F6C4696A2336BF1B24CE4 /* Frameworks */ = {
			isa = PBXGroup;
			children = (
				77A0CA929DCAED15D0831272 /* Pods_mangoplate.framework */,
			);
			name = Frameworks;
			sourceTree = "<group>";
		};
/* End PBXGroup section */

/* Begin PBXNativeTarget section */
		92B1CF45283925A700223987 /* mangoplate */ = {
			isa = PBXNativeTarget;
			buildConfigurationList = 92B1CF5A283925A700223987 /* Build configuration list for PBXNativeTarget "mangoplate" */;
			buildPhases = (
				5710520D695BDB2F4BDF7923 /* [CP] Check Pods Manifest.lock */,
				92B1CF42283925A700223987 /* Sources */,
				92B1CF43283925A700223987 /* Frameworks */,
				92B1CF44283925A700223987 /* Resources */,
				254180E5F53F47068D1BF56C /* [CP] Embed Pods Frameworks */,
			);
			buildRules = (
			);
			dependencies = (
			);
			name = mangoplate;
			productName = mangoplate;
			productReference = 92B1CF46283925A700223987 /* mangoplate.app */;
			productType = "com.apple.product-type.application";
		};
/* End PBXNativeTarget section */

/* Begin PBXProject section */
		92B1CF3E283925A700223987 /* Project object */ = {
			isa = PBXProject;
			attributes = {
				BuildIndependentTargetsInParallel = 1;
				LastSwiftUpdateCheck = 1320;
				LastUpgradeCheck = 1320;
				TargetAttributes = {
					92B1CF45283925A700223987 = {
						CreatedOnToolsVersion = 13.2.1;
					};
				};
			};
			buildConfigurationList = 92B1CF41283925A700223987 /* Build configuration list for PBXProject "mangoplate" */;
			compatibilityVersion = "Xcode 13.0";
			developmentRegion = en;
			hasScannedForEncodings = 0;
			knownRegions = (
				en,
				Base,
			);
			mainGroup = 92B1CF3D283925A700223987;
			productRefGroup = 92B1CF47283925A700223987 /* Products */;
			projectDirPath = "";
			projectRoot = "";
			targets = (
				92B1CF45283925A700223987 /* mangoplate */,
			);
		};
/* End PBXProject section */

/* Begin PBXResourcesBuildPhase section */
		92B1CF44283925A700223987 /* Resources */ = {
			isa = PBXResourcesBuildPhase;
			buildActionMask = 2147483647;
			files = (
				92D2E0D12846517A00A9EDE1 /* TimeLineCell.xib in Resources */,
				92D2E0EC28468C1700A9EDE1 /* TopListCell.xib in Resources */,
				92B1CFA1283E385500223987 /* MenuImageCell.xib in Resources */,
				92B1CFD528415CFE00223987 /* SearchBannerCell.xib in Resources */,
				92B1CF7C283A6AAC00223987 /* SearchCell.xib in Resources */,
				92B1CF88283B71B800223987 /* RegionCategoryCell.xib in Resources */,
				92D2E0D928466BD500A9EDE1 /* SettingCell.xib in Resources */,
				92D2E0D5284651A800A9EDE1 /* InfoCell.xib in Resources */,
				92D2E11228470D9F00A9EDE1 /* HolicCell.xib in Resources */,
				92B1CF56283925A700223987 /* LaunchScreen.storyboard in Resources */,
				92B1CF9D283DEA9A00223987 /* DetailImageCell.xib in Resources */,
				92B1CFAB283E523500223987 /* ReviewCell.xib in Resources */,
				92B1CF91283CA31600223987 /* FilterFoodCell.xib in Resources */,
				92B1CF97283DA20500223987 /* RestaurantCell.xib in Resources */,
				92D2E0AD284611B400A9EDE1 /* ReviewImageSelectCell.xib in Resources */,
				92B1CFEA284209C100223987 /* MapRestaurantCell.xib in Resources */,
				92D2E0F42846990400A9EDE1 /* StoryBannerCell.xib in Resources */,
				92D2E0CD2846514600A9EDE1 /* ProfileCell.xib in Resources */,
				92B1CF6F283A132A00223987 /* RegionSelectCell.xib in Resources */,
				92D2E11A2847335000A9EDE1 /* TodayReviewCell.xib in Resources */,
				92D2E0E6284685DB00A9EDE1 /* EatDealCell.xib in Resources */,
				92B1CF53283925A700223987 /* Assets.xcassets in Resources */,
				92D2E0FA28469A0400A9EDE1 /* StoryCell.xib in Resources */,
				92B1CFE02841E8FC00223987 /* CommentCell.xib in Resources */,
				92B1CF51283925A700223987 /* Main.storyboard in Resources */,
				92D2E1062846EEA400A9EDE1 /* NewsCell.xib in Resources */,
			);
			runOnlyForDeploymentPostprocessing = 0;
		};
/* End PBXResourcesBuildPhase section */

/* Begin PBXShellScriptBuildPhase section */
		254180E5F53F47068D1BF56C /* [CP] Embed Pods Frameworks */ = {
			isa = PBXShellScriptBuildPhase;
			buildActionMask = 2147483647;
			files = (
			);
			inputFileListPaths = (
				"${PODS_ROOT}/Target Support Files/Pods-mangoplate/Pods-mangoplate-frameworks-${CONFIGURATION}-input-files.xcfilelist",
			);
			name = "[CP] Embed Pods Frameworks";
			outputFileListPaths = (
				"${PODS_ROOT}/Target Support Files/Pods-mangoplate/Pods-mangoplate-frameworks-${CONFIGURATION}-output-files.xcfilelist",
			);
			runOnlyForDeploymentPostprocessing = 0;
			shellPath = /bin/sh;
			shellScript = "\"${PODS_ROOT}/Target Support Files/Pods-mangoplate/Pods-mangoplate-frameworks.sh\"\n";
			showEnvVarsInLog = 0;
		};
		5710520D695BDB2F4BDF7923 /* [CP] Check Pods Manifest.lock */ = {
			isa = PBXShellScriptBuildPhase;
			buildActionMask = 2147483647;
			files = (
			);
			inputFileListPaths = (
			);
			inputPaths = (
				"${PODS_PODFILE_DIR_PATH}/Podfile.lock",
				"${PODS_ROOT}/Manifest.lock",
			);
			name = "[CP] Check Pods Manifest.lock";
			outputFileListPaths = (
			);
			outputPaths = (
				"$(DERIVED_FILE_DIR)/Pods-mangoplate-checkManifestLockResult.txt",
			);
			runOnlyForDeploymentPostprocessing = 0;
			shellPath = /bin/sh;
			shellScript = "diff \"${PODS_PODFILE_DIR_PATH}/Podfile.lock\" \"${PODS_ROOT}/Manifest.lock\" > /dev/null\nif [ $? != 0 ] ; then\n    # print error to STDERR\n    echo \"error: The sandbox is not in sync with the Podfile.lock. Run 'pod install' or update your CocoaPods installation.\" >&2\n    exit 1\nfi\n# This output is used by Xcode 'outputs' to avoid re-running this script phase.\necho \"SUCCESS\" > \"${SCRIPT_OUTPUT_FILE_0}\"\n";
			showEnvVarsInLog = 0;
		};
/* End PBXShellScriptBuildPhase section */

/* Begin PBXSourcesBuildPhase section */
		92B1CF42283925A700223987 /* Sources */ = {
			isa = PBXSourcesBuildPhase;
			buildActionMask = 2147483647;
			files = (
				92D2E07B2844C9A300A9EDE1 /* Join.swift in Sources */,
				92B1CF76283A601500223987 /* SearchViewController.swift in Sources */,
				92D2E06A2844AFC900A9EDE1 /* EmailLoginInput.swift in Sources */,
				9260747628482F5D0093425D /* News.swift in Sources */,
				92B1CFAA283E523500223987 /* ReviewCell.swift in Sources */,
				9260747F2848DEE00093425D /* Holic.swift in Sources */,
				92D2E10A2846EF8600A9EDE1 /* NewsCell.swift in Sources */,
				92D2E0E828468BD800A9EDE1 /* TopListViewController.swift in Sources */,
				92D2E0682844AF5900A9EDE1 /* EmailLoginViewModel.swift in Sources */,
				92B1CF7B283A6AAC00223987 /* SearchCell.swift in Sources */,
				92607489284929F00093425D /* CommentPutInput.swift in Sources */,
				92B1CF4E283925A700223987 /* TabBarViewController.swift in Sources */,
				92D2E0D828466BD500A9EDE1 /* SettingCell.swift in Sources */,
				92D2E11428470EC200A9EDE1 /* HolicViewController.swift in Sources */,
				9260748F284947AF0093425D /* ReportsInput.swift in Sources */,
				92B1CFEC28424D9F00223987 /* LocationAgreeMessageViewController.swift in Sources */,
				92B1CF5F283951D800223987 /* RestaurantSearchViewController.swift in Sources */,
				92D2E10E28470A5100A9EDE1 /* FollwingViewController.swift in Sources */,
				92B1CF7E283A6C2A00223987 /* RecommendSearchViewController.swift in Sources */,
				92D2E0C72846391A00A9EDE1 /* AllViewController.swift in Sources */,
				92B1CFFD28438D9A00223987 /* LoginEmailViewController.swift in Sources */,
				92B1CF87283B71B800223987 /* RegionCategoryCell.swift in Sources */,
				92B1CFD328415CCF00223987 /* SearchBannerCell.swift in Sources */,
				92D2E10228469CDC00A9EDE1 /* StoryViewController.swift in Sources */,
				92B1CFE9284209C100223987 /* MapRestaurantCell.swift in Sources */,
				92B1CFC228412E1700223987 /* SearchResultViewController.swift in Sources */,
				9260747B284861C70093425D /* Write.swift in Sources */,
				92D2E09B28450D8800A9EDE1 /* NewsViewController.swift in Sources */,
				92B1CFF32842906300223987 /* Restaurant.swift in Sources */,
				92B1CFA0283E385500223987 /* MenuImageCell.swift in Sources */,
				92B1CF99283DDCBC00223987 /* RestaurantDetailViewController.swift in Sources */,
				92D2E10028469AE500A9EDE1 /* StoryCell.swift in Sources */,
				92D2E0EE284693E200A9EDE1 /* Constant.swift in Sources */,
				92B1CF96283DA20500223987 /* RestaurantCell.swift in Sources */,
				92D2E0942844E76300A9EDE1 /* Kakao.swift in Sources */,
				92B1CF82283AA34600223987 /* SortViewController.swift in Sources */,
				92B1CFE52841F9E500223987 /* MapViewController.swift in Sources */,
				92D2E11628471FAF00A9EDE1 /* ClearViewController.swift in Sources */,
				92B1CFBB2840C4C900223987 /* RestaurantDetail.swift in Sources */,
				92D2E09828450CB300A9EDE1 /* MangoPickViewController.swift in Sources */,
				92D2E0CC2846514600A9EDE1 /* ProfileCell.swift in Sources */,
				92B1CFDA284169DF00223987 /* ReviewWriteImageSelectViewController.swift in Sources */,
				92607478284860A50093425D /* WriteInput.swift in Sources */,
				92D2E0D4284651A800A9EDE1 /* InfoCell.swift in Sources */,
				92D2E1252847A9A900A9EDE1 /* Search.swift in Sources */,
				92B1CF672839689A00223987 /* LocationAgreeViewController.swift in Sources */,
				92B1CF4A283925A700223987 /* AppDelegate.swift in Sources */,
				92D2E0BD2846300E00A9EDE1 /* EatDealViewController.swift in Sources */,
				92B1CFFB28438A0D00223987 /* JoinEmailViewController.swift in Sources */,
				92D2E0E02846740500A9EDE1 /* PlusViewController.swift in Sources */,
				92B1CF6B2839D6C800223987 /* RegionSelectContainerViewController.swift in Sources */,
				92D2E06C2844AFFE00A9EDE1 /* EmailLogin.swift in Sources */,
				92B1CF9C283DEA9A00223987 /* DetailImageCell.swift in Sources */,
				92D2E11C284733AF00A9EDE1 /* TodayReviewCell.swift in Sources */,
				92B1CF78283A64C400223987 /* SearchTabBarViewController.swift in Sources */,
				92D2E0C52846344F00A9EDE1 /* NewsContainerViewController.swift in Sources */,
				92D2E0F32846990400A9EDE1 /* StoryBannerCell.swift in Sources */,
				92607485284918EB0093425D /* CommentPopupViewController.swift in Sources */,
				92D2E0A42845AC2400A9EDE1 /* ReviewDetail.swift in Sources */,
				9260748B28493B4F0093425D /* ReportViewController.swift in Sources */,
				92D2E11128470D9F00A9EDE1 /* HolicCell.swift in Sources */,
				92D2E0772844C93B00A9EDE1 /* JoinViewModel.swift in Sources */,
				92B1CF8D283C7D2C00223987 /* FilterViewController.swift in Sources */,
				92B1CF6E283A132A00223987 /* RegionSelectCell.swift in Sources */,
				92D2E0B928461B0100A9EDE1 /* ReviewWriteViewController.swift in Sources */,
				9260747328482EBD0093425D /* EatDeal.swift in Sources */,
				9260748D28493C460093425D /* ReportPopupViewController.swift in Sources */,
				92D2E09E28450DF700A9EDE1 /* MyInfoViewController.swift in Sources */,
				92D2E0EB28468C1700A9EDE1 /* TopListCell.swift in Sources */,
				92D2E0A72845C99E00A9EDE1 /* Wish.swift in Sources */,
				92B1CF90283CA31600223987 /* FilterFoodCell.swift in Sources */,
				92B1CFF72843786E00223987 /* LoginViewController.swift in Sources */,
				92607481284904720093425D /* CommentPostInput.swift in Sources */,
				9260747D28488AA50093425D /* UpdateDeletePopupViewController.swift in Sources */,
				92D2E0B7284614A900A9EDE1 /* ReviewImageSelectCell.swift in Sources */,
				92B1CFE22841F30800223987 /* CommentCell.swift in Sources */,
				92B1CF6928396CEB00223987 /* RegionSelectViewController.swift in Sources */,
				92D2E0D02846517A00A9EDE1 /* TimeLineCell.swift in Sources */,
				92D2E0E5284685DB00A9EDE1 /* EatDealCell.swift in Sources */,
				92B1CF8B283C729500223987 /* SurroundViewController.swift in Sources */,
				92D2E1232847944B00A9EDE1 /* Model.swift in Sources */,
				92B1CF80283A6FC800223987 /* RecentSearchViewController.swift in Sources */,
				92B1CFDC28416AE400223987 /* ReviewDetailViewController.swift in Sources */,
				92D2E0DB28466D3F00A9EDE1 /* SettingViewController.swift in Sources */,
				92D2E0822844D99C00A9EDE1 /* JoinInput.swift in Sources */,
				92D2E11F2847431300A9EDE1 /* TodayReview.swift in Sources */,
				92B1CF4C283925A700223987 /* SceneDelegate.swift in Sources */,
			);
			runOnlyForDeploymentPostprocessing = 0;
		};
/* End PBXSourcesBuildPhase section */

/* Begin PBXVariantGroup section */
		92B1CF4F283925A700223987 /* Main.storyboard */ = {
			isa = PBXVariantGroup;
			children = (
				92B1CF50283925A700223987 /* Base */,
			);
			name = Main.storyboard;
			sourceTree = "<group>";
		};
		92B1CF54283925A700223987 /* LaunchScreen.storyboard */ = {
			isa = PBXVariantGroup;
			children = (
				92B1CF55283925A700223987 /* Base */,
			);
			name = LaunchScreen.storyboard;
			sourceTree = "<group>";
		};
/* End PBXVariantGroup section */

/* Begin XCBuildConfiguration section */
		92B1CF58283925A700223987 /* Debug */ = {
			isa = XCBuildConfiguration;
			buildSettings = {
				ALWAYS_SEARCH_USER_PATHS = NO;
				CLANG_ANALYZER_NONNULL = YES;
				CLANG_ANALYZER_NUMBER_OBJECT_CONVERSION = YES_AGGRESSIVE;
				CLANG_CXX_LANGUAGE_STANDARD = "gnu++17";
				CLANG_CXX_LIBRARY = "libc++";
				CLANG_ENABLE_MODULES = YES;
				CLANG_ENABLE_OBJC_ARC = YES;
				CLANG_ENABLE_OBJC_WEAK = YES;
				CLANG_WARN_BLOCK_CAPTURE_AUTORELEASING = YES;
				CLANG_WARN_BOOL_CONVERSION = YES;
				CLANG_WARN_COMMA = YES;
				CLANG_WARN_CONSTANT_CONVERSION = YES;
				CLANG_WARN_DEPRECATED_OBJC_IMPLEMENTATIONS = YES;
				CLANG_WARN_DIRECT_OBJC_ISA_USAGE = YES_ERROR;
				CLANG_WARN_DOCUMENTATION_COMMENTS = YES;
				CLANG_WARN_EMPTY_BODY = YES;
				CLANG_WARN_ENUM_CONVERSION = YES;
				CLANG_WARN_INFINITE_RECURSION = YES;
				CLANG_WARN_INT_CONVERSION = YES;
				CLANG_WARN_NON_LITERAL_NULL_CONVERSION = YES;
				CLANG_WARN_OBJC_IMPLICIT_RETAIN_SELF = YES;
				CLANG_WARN_OBJC_LITERAL_CONVERSION = YES;
				CLANG_WARN_OBJC_ROOT_CLASS = YES_ERROR;
				CLANG_WARN_QUOTED_INCLUDE_IN_FRAMEWORK_HEADER = YES;
				CLANG_WARN_RANGE_LOOP_ANALYSIS = YES;
				CLANG_WARN_STRICT_PROTOTYPES = YES;
				CLANG_WARN_SUSPICIOUS_MOVE = YES;
				CLANG_WARN_UNGUARDED_AVAILABILITY = YES_AGGRESSIVE;
				CLANG_WARN_UNREACHABLE_CODE = YES;
				CLANG_WARN__DUPLICATE_METHOD_MATCH = YES;
				COPY_PHASE_STRIP = NO;
				DEBUG_INFORMATION_FORMAT = dwarf;
				ENABLE_STRICT_OBJC_MSGSEND = YES;
				ENABLE_TESTABILITY = YES;
				GCC_C_LANGUAGE_STANDARD = gnu11;
				GCC_DYNAMIC_NO_PIC = NO;
				GCC_NO_COMMON_BLOCKS = YES;
				GCC_OPTIMIZATION_LEVEL = 0;
				GCC_PREPROCESSOR_DEFINITIONS = (
					"DEBUG=1",
					"$(inherited)",
				);
				GCC_WARN_64_TO_32_BIT_CONVERSION = YES;
				GCC_WARN_ABOUT_RETURN_TYPE = YES_ERROR;
				GCC_WARN_UNDECLARED_SELECTOR = YES;
				GCC_WARN_UNINITIALIZED_AUTOS = YES_AGGRESSIVE;
				GCC_WARN_UNUSED_FUNCTION = YES;
				GCC_WARN_UNUSED_VARIABLE = YES;
				IPHONEOS_DEPLOYMENT_TARGET = 15.2;
				MTL_ENABLE_DEBUG_INFO = INCLUDE_SOURCE;
				MTL_FAST_MATH = YES;
				ONLY_ACTIVE_ARCH = YES;
				SDKROOT = iphoneos;
				SWIFT_ACTIVE_COMPILATION_CONDITIONS = DEBUG;
				SWIFT_OPTIMIZATION_LEVEL = "-Onone";
			};
			name = Debug;
		};
		92B1CF59283925A700223987 /* Release */ = {
			isa = XCBuildConfiguration;
			buildSettings = {
				ALWAYS_SEARCH_USER_PATHS = NO;
				CLANG_ANALYZER_NONNULL = YES;
				CLANG_ANALYZER_NUMBER_OBJECT_CONVERSION = YES_AGGRESSIVE;
				CLANG_CXX_LANGUAGE_STANDARD = "gnu++17";
				CLANG_CXX_LIBRARY = "libc++";
				CLANG_ENABLE_MODULES = YES;
				CLANG_ENABLE_OBJC_ARC = YES;
				CLANG_ENABLE_OBJC_WEAK = YES;
				CLANG_WARN_BLOCK_CAPTURE_AUTORELEASING = YES;
				CLANG_WARN_BOOL_CONVERSION = YES;
				CLANG_WARN_COMMA = YES;
				CLANG_WARN_CONSTANT_CONVERSION = YES;
				CLANG_WARN_DEPRECATED_OBJC_IMPLEMENTATIONS = YES;
				CLANG_WARN_DIRECT_OBJC_ISA_USAGE = YES_ERROR;
				CLANG_WARN_DOCUMENTATION_COMMENTS = YES;
				CLANG_WARN_EMPTY_BODY = YES;
				CLANG_WARN_ENUM_CONVERSION = YES;
				CLANG_WARN_INFINITE_RECURSION = YES;
				CLANG_WARN_INT_CONVERSION = YES;
				CLANG_WARN_NON_LITERAL_NULL_CONVERSION = YES;
				CLANG_WARN_OBJC_IMPLICIT_RETAIN_SELF = YES;
				CLANG_WARN_OBJC_LITERAL_CONVERSION = YES;
				CLANG_WARN_OBJC_ROOT_CLASS = YES_ERROR;
				CLANG_WARN_QUOTED_INCLUDE_IN_FRAMEWORK_HEADER = YES;
				CLANG_WARN_RANGE_LOOP_ANALYSIS = YES;
				CLANG_WARN_STRICT_PROTOTYPES = YES;
				CLANG_WARN_SUSPICIOUS_MOVE = YES;
				CLANG_WARN_UNGUARDED_AVAILABILITY = YES_AGGRESSIVE;
				CLANG_WARN_UNREACHABLE_CODE = YES;
				CLANG_WARN__DUPLICATE_METHOD_MATCH = YES;
				COPY_PHASE_STRIP = NO;
				DEBUG_INFORMATION_FORMAT = "dwarf-with-dsym";
				ENABLE_NS_ASSERTIONS = NO;
				ENABLE_STRICT_OBJC_MSGSEND = YES;
				GCC_C_LANGUAGE_STANDARD = gnu11;
				GCC_NO_COMMON_BLOCKS = YES;
				GCC_WARN_64_TO_32_BIT_CONVERSION = YES;
				GCC_WARN_ABOUT_RETURN_TYPE = YES_ERROR;
				GCC_WARN_UNDECLARED_SELECTOR = YES;
				GCC_WARN_UNINITIALIZED_AUTOS = YES_AGGRESSIVE;
				GCC_WARN_UNUSED_FUNCTION = YES;
				GCC_WARN_UNUSED_VARIABLE = YES;
				IPHONEOS_DEPLOYMENT_TARGET = 15.2;
				MTL_ENABLE_DEBUG_INFO = NO;
				MTL_FAST_MATH = YES;
				SDKROOT = iphoneos;
				SWIFT_COMPILATION_MODE = wholemodule;
				SWIFT_OPTIMIZATION_LEVEL = "-O";
				VALIDATE_PRODUCT = YES;
			};
			name = Release;
		};
		92B1CF5B283925A700223987 /* Debug */ = {
			isa = XCBuildConfiguration;
			baseConfigurationReference = C5EF894695DF60D5205E8154 /* Pods-mangoplate.debug.xcconfig */;
			buildSettings = {
				ASSETCATALOG_COMPILER_APPICON_NAME = AppIcon;
				ASSETCATALOG_COMPILER_GLOBAL_ACCENT_COLOR_NAME = AccentColor;
				CODE_SIGN_STYLE = Automatic;
				CURRENT_PROJECT_VERSION = 1;
				DEVELOPMENT_TEAM = U4YRB4XYPR;
				GENERATE_INFOPLIST_FILE = YES;
				INFOPLIST_FILE = mangoplate/Info.plist;
				INFOPLIST_KEY_NSLocationAlwaysAndWhenInUseUsageDescription = "사용자의 위치를 받아오려고 합니다.";
				INFOPLIST_KEY_NSLocationWhenInUseUsageDescription = "사용자의 위치를 받아오려고 합니다.";
				INFOPLIST_KEY_UIApplicationSupportsIndirectInputEvents = YES;
				INFOPLIST_KEY_UILaunchStoryboardName = LaunchScreen;
				INFOPLIST_KEY_UIMainStoryboardFile = Main;
				INFOPLIST_KEY_UISupportedInterfaceOrientations_iPad = "UIInterfaceOrientationPortrait UIInterfaceOrientationPortraitUpsideDown UIInterfaceOrientationLandscapeLeft UIInterfaceOrientationLandscapeRight";
				INFOPLIST_KEY_UISupportedInterfaceOrientations_iPhone = "UIInterfaceOrientationPortrait UIInterfaceOrientationLandscapeLeft UIInterfaceOrientationLandscapeRight";
				LD_RUNPATH_SEARCH_PATHS = (
					"$(inherited)",
					"@executable_path/Frameworks",
				);
				MARKETING_VERSION = 1.0;
				PRODUCT_BUNDLE_IDENTIFIER = h.mangoplate;
				PRODUCT_NAME = "$(TARGET_NAME)";
				SWIFT_EMIT_LOC_STRINGS = YES;
				SWIFT_VERSION = 5.0;
				TARGETED_DEVICE_FAMILY = "1,2";
			};
			name = Debug;
		};
		92B1CF5C283925A700223987 /* Release */ = {
			isa = XCBuildConfiguration;
			baseConfigurationReference = C9567F2AF9D2E8E775776E54 /* Pods-mangoplate.release.xcconfig */;
			buildSettings = {
				ASSETCATALOG_COMPILER_APPICON_NAME = AppIcon;
				ASSETCATALOG_COMPILER_GLOBAL_ACCENT_COLOR_NAME = AccentColor;
				CODE_SIGN_STYLE = Automatic;
				CURRENT_PROJECT_VERSION = 1;
				DEVELOPMENT_TEAM = U4YRB4XYPR;
				GENERATE_INFOPLIST_FILE = YES;
				INFOPLIST_FILE = mangoplate/Info.plist;
				INFOPLIST_KEY_NSLocationAlwaysAndWhenInUseUsageDescription = "사용자의 위치를 받아오려고 합니다.";
				INFOPLIST_KEY_NSLocationWhenInUseUsageDescription = "사용자의 위치를 받아오려고 합니다.";
				INFOPLIST_KEY_UIApplicationSupportsIndirectInputEvents = YES;
				INFOPLIST_KEY_UILaunchStoryboardName = LaunchScreen;
				INFOPLIST_KEY_UIMainStoryboardFile = Main;
				INFOPLIST_KEY_UISupportedInterfaceOrientations_iPad = "UIInterfaceOrientationPortrait UIInterfaceOrientationPortraitUpsideDown UIInterfaceOrientationLandscapeLeft UIInterfaceOrientationLandscapeRight";
				INFOPLIST_KEY_UISupportedInterfaceOrientations_iPhone = "UIInterfaceOrientationPortrait UIInterfaceOrientationLandscapeLeft UIInterfaceOrientationLandscapeRight";
				LD_RUNPATH_SEARCH_PATHS = (
					"$(inherited)",
					"@executable_path/Frameworks",
				);
				MARKETING_VERSION = 1.0;
				PRODUCT_BUNDLE_IDENTIFIER = h.mangoplate;
				PRODUCT_NAME = "$(TARGET_NAME)";
				SWIFT_EMIT_LOC_STRINGS = YES;
				SWIFT_VERSION = 5.0;
				TARGETED_DEVICE_FAMILY = "1,2";
			};
			name = Release;
		};
/* End XCBuildConfiguration section */

/* Begin XCConfigurationList section */
		92B1CF41283925A700223987 /* Build configuration list for PBXProject "mangoplate" */ = {
			isa = XCConfigurationList;
			buildConfigurations = (
				92B1CF58283925A700223987 /* Debug */,
				92B1CF59283925A700223987 /* Release */,
			);
			defaultConfigurationIsVisible = 0;
			defaultConfigurationName = Release;
		};
		92B1CF5A283925A700223987 /* Build configuration list for PBXNativeTarget "mangoplate" */ = {
			isa = XCConfigurationList;
			buildConfigurations = (
				92B1CF5B283925A700223987 /* Debug */,
				92B1CF5C283925A700223987 /* Release */,
			);
			defaultConfigurationIsVisible = 0;
			defaultConfigurationName = Release;
		};
/* End XCConfigurationList section */
	};
	rootObject = 92B1CF3E283925A700223987 /* Project object */;
}
